// !$*UTF8*$!
{
	archiveVersion = 1;
	classes = {
	};
	objectVersion = 51;
	objects = {

/* Begin PBXBuildFile section */
		4365082F26C7A4B500C0FA3F /* AppDelegate.swift in Sources */ = {isa = PBXBuildFile; fileRef = 4365082E26C7A4B500C0FA3F /* AppDelegate.swift */; };
		4365083126C7A4B500C0FA3F /* SceneDelegate.swift in Sources */ = {isa = PBXBuildFile; fileRef = 4365083026C7A4B500C0FA3F /* SceneDelegate.swift */; };
		4365083326C7A4B500C0FA3F /* HomeViewController.swift in Sources */ = {isa = PBXBuildFile; fileRef = 4365083226C7A4B500C0FA3F /* HomeViewController.swift */; };
		4365083826C7A4B700C0FA3F /* Assets.xcassets in Resources */ = {isa = PBXBuildFile; fileRef = 4365083726C7A4B700C0FA3F /* Assets.xcassets */; };
		4365083B26C7A4B700C0FA3F /* LaunchScreen.storyboard in Resources */ = {isa = PBXBuildFile; fileRef = 4365083926C7A4B700C0FA3F /* LaunchScreen.storyboard */; };
		4365084626C7A4B800C0FA3F /* SpotifyTests.swift in Sources */ = {isa = PBXBuildFile; fileRef = 4365084526C7A4B800C0FA3F /* SpotifyTests.swift */; };
		4365085126C7A4B800C0FA3F /* SpotifyUITests.swift in Sources */ = {isa = PBXBuildFile; fileRef = 4365085026C7A4B800C0FA3F /* SpotifyUITests.swift */; };
		4365086526C7A6F100C0FA3F /* TabBarViewController.swift in Sources */ = {isa = PBXBuildFile; fileRef = 4365086426C7A6F100C0FA3F /* TabBarViewController.swift */; };
		4365086726C7A72100C0FA3F /* SearchViewController.swift in Sources */ = {isa = PBXBuildFile; fileRef = 4365086626C7A72100C0FA3F /* SearchViewController.swift */; };
		4365086926C7A73600C0FA3F /* LibraryViewController.swift in Sources */ = {isa = PBXBuildFile; fileRef = 4365086826C7A73600C0FA3F /* LibraryViewController.swift */; };
		4365086B26C7A74E00C0FA3F /* PremiumViewController.swift in Sources */ = {isa = PBXBuildFile; fileRef = 4365086A26C7A74E00C0FA3F /* PremiumViewController.swift */; };
		4365086F26C7A7B600C0FA3F /* AuthViewController.swift in Sources */ = {isa = PBXBuildFile; fileRef = 4365086E26C7A7B600C0FA3F /* AuthViewController.swift */; };
		4365087126C7A7C800C0FA3F /* WelcomeViewController.swift in Sources */ = {isa = PBXBuildFile; fileRef = 4365087026C7A7C800C0FA3F /* WelcomeViewController.swift */; };
		4365087326C7A7D900C0FA3F /* SettingsViewController.swift in Sources */ = {isa = PBXBuildFile; fileRef = 4365087226C7A7D900C0FA3F /* SettingsViewController.swift */; };
		4365087526C7A7E700C0FA3F /* ProfileViewController.swift in Sources */ = {isa = PBXBuildFile; fileRef = 4365087426C7A7E700C0FA3F /* ProfileViewController.swift */; };
		4365087726C7A7F000C0FA3F /* PlayerViewController.swift in Sources */ = {isa = PBXBuildFile; fileRef = 4365087626C7A7F000C0FA3F /* PlayerViewController.swift */; };
		4365087926C7A7FD00C0FA3F /* PlaylistViewController.swift in Sources */ = {isa = PBXBuildFile; fileRef = 4365087826C7A7FD00C0FA3F /* PlaylistViewController.swift */; };
		4365087B26C7A80B00C0FA3F /* SearchResultViewController.swift in Sources */ = {isa = PBXBuildFile; fileRef = 4365087A26C7A80B00C0FA3F /* SearchResultViewController.swift */; };
		4365087D26C7A82700C0FA3F /* AuthManager.swift in Sources */ = {isa = PBXBuildFile; fileRef = 4365087C26C7A82700C0FA3F /* AuthManager.swift */; };
		4365087F26C7A83600C0FA3F /* APICaller.swift in Sources */ = {isa = PBXBuildFile; fileRef = 4365087E26C7A83600C0FA3F /* APICaller.swift */; };
		4365088126C7A84B00C0FA3F /* HapticsManager.swift in Sources */ = {isa = PBXBuildFile; fileRef = 4365088026C7A84B00C0FA3F /* HapticsManager.swift */; };
		4365088326C7A86900C0FA3F /* Playlist.swift in Sources */ = {isa = PBXBuildFile; fileRef = 4365088226C7A86900C0FA3F /* Playlist.swift */; };
		4365088526C7A87800C0FA3F /* AudioTrack.swift in Sources */ = {isa = PBXBuildFile; fileRef = 4365088426C7A87800C0FA3F /* AudioTrack.swift */; };
		4365088726C7A88400C0FA3F /* Artist.swift in Sources */ = {isa = PBXBuildFile; fileRef = 4365088626C7A88400C0FA3F /* Artist.swift */; };
		4365088926C7A88C00C0FA3F /* UserProfile.swift in Sources */ = {isa = PBXBuildFile; fileRef = 4365088826C7A88C00C0FA3F /* UserProfile.swift */; };
		4365088B26CCC8A400C0FA3F /* Extensions.swift in Sources */ = {isa = PBXBuildFile; fileRef = 4365088A26CCC8A400C0FA3F /* Extensions.swift */; };
		4365088D26CCD83F00C0FA3F /* AuthResponse.swift in Sources */ = {isa = PBXBuildFile; fileRef = 4365088C26CCD83F00C0FA3F /* AuthResponse.swift */; };
		4365088F26CF75EB00C0FA3F /* Settings.swift in Sources */ = {isa = PBXBuildFile; fileRef = 4365088E26CF75EB00C0FA3F /* Settings.swift */; };
		4365089126CFAD3F00C0FA3F /* NewReleases.swift in Sources */ = {isa = PBXBuildFile; fileRef = 4365089026CFAD3F00C0FA3F /* NewReleases.swift */; };
		4365089326CFAE4F00C0FA3F /* APIImage.swift in Sources */ = {isa = PBXBuildFile; fileRef = 4365089226CFAE4F00C0FA3F /* APIImage.swift */; };
		4365089526CFB31500C0FA3F /* FeaturedPlaylists.swift in Sources */ = {isa = PBXBuildFile; fileRef = 4365089426CFB31500C0FA3F /* FeaturedPlaylists.swift */; };
		4365089726CFB7A400C0FA3F /* Genres.swift in Sources */ = {isa = PBXBuildFile; fileRef = 4365089626CFB7A400C0FA3F /* Genres.swift */; };
		4365089926CFBD0000C0FA3F /* Recommendations.swift in Sources */ = {isa = PBXBuildFile; fileRef = 4365089826CFBD0000C0FA3F /* Recommendations.swift */; };
		4365089C26D6160300C0FA3F /* NewReleasesCollectionViewCell.swift in Sources */ = {isa = PBXBuildFile; fileRef = 4365089B26D6160300C0FA3F /* NewReleasesCollectionViewCell.swift */; };
		4365089E26D6162500C0FA3F /* FeaturedPlaylistsCollectionViewCell.swift in Sources */ = {isa = PBXBuildFile; fileRef = 4365089D26D6162500C0FA3F /* FeaturedPlaylistsCollectionViewCell.swift */; };
		436508A026D6163C00C0FA3F /* RecommendedTracksCollectionViewCell.swift in Sources */ = {isa = PBXBuildFile; fileRef = 4365089F26D6163C00C0FA3F /* RecommendedTracksCollectionViewCell.swift */; };
		5351CECD7BC5F5957721C501 /* Pods_Spotify_SpotifyUITests.framework in Frameworks */ = {isa = PBXBuildFile; fileRef = C02FFEF6030F18A8BA2F1C3B /* Pods_Spotify_SpotifyUITests.framework */; };
		B2D9AF571EAE18CA4487DF6A /* Pods_SpotifyTests.framework in Frameworks */ = {isa = PBXBuildFile; fileRef = D480BDC51ABF624D1F78B0C1 /* Pods_SpotifyTests.framework */; };
		B674A1236877C7D3DBAB7B10 /* Pods_Spotify.framework in Frameworks */ = {isa = PBXBuildFile; fileRef = E3B6094DEE08570E38F69C60 /* Pods_Spotify.framework */; };
/* End PBXBuildFile section */

/* Begin PBXContainerItemProxy section */
		4365084226C7A4B800C0FA3F /* PBXContainerItemProxy */ = {
			isa = PBXContainerItemProxy;
			containerPortal = 4365082326C7A4B500C0FA3F /* Project object */;
			proxyType = 1;
			remoteGlobalIDString = 4365082A26C7A4B500C0FA3F;
			remoteInfo = Spotify;
		};
		4365084D26C7A4B800C0FA3F /* PBXContainerItemProxy */ = {
			isa = PBXContainerItemProxy;
			containerPortal = 4365082326C7A4B500C0FA3F /* Project object */;
			proxyType = 1;
			remoteGlobalIDString = 4365082A26C7A4B500C0FA3F;
			remoteInfo = Spotify;
		};
/* End PBXContainerItemProxy section */

/* Begin PBXFileReference section */
		2772AA4845F4E313B3B8C3A4 /* Pods-SpotifyTests.release.xcconfig */ = {isa = PBXFileReference; includeInIndex = 1; lastKnownFileType = text.xcconfig; name = "Pods-SpotifyTests.release.xcconfig"; path = "Target Support Files/Pods-SpotifyTests/Pods-SpotifyTests.release.xcconfig"; sourceTree = "<group>"; };
		402CC8E45EA774C1F32AEB92 /* Pods-Spotify-SpotifyUITests.release.xcconfig */ = {isa = PBXFileReference; includeInIndex = 1; lastKnownFileType = text.xcconfig; name = "Pods-Spotify-SpotifyUITests.release.xcconfig"; path = "Target Support Files/Pods-Spotify-SpotifyUITests/Pods-Spotify-SpotifyUITests.release.xcconfig"; sourceTree = "<group>"; };
		4365082B26C7A4B500C0FA3F /* Spotify.app */ = {isa = PBXFileReference; explicitFileType = wrapper.application; includeInIndex = 0; path = Spotify.app; sourceTree = BUILT_PRODUCTS_DIR; };
		4365082E26C7A4B500C0FA3F /* AppDelegate.swift */ = {isa = PBXFileReference; lastKnownFileType = sourcecode.swift; path = AppDelegate.swift; sourceTree = "<group>"; };
		4365083026C7A4B500C0FA3F /* SceneDelegate.swift */ = {isa = PBXFileReference; lastKnownFileType = sourcecode.swift; path = SceneDelegate.swift; sourceTree = "<group>"; };
		4365083226C7A4B500C0FA3F /* HomeViewController.swift */ = {isa = PBXFileReference; lastKnownFileType = sourcecode.swift; path = HomeViewController.swift; sourceTree = "<group>"; };
		4365083726C7A4B700C0FA3F /* Assets.xcassets */ = {isa = PBXFileReference; lastKnownFileType = folder.assetcatalog; path = Assets.xcassets; sourceTree = "<group>"; };
		4365083A26C7A4B700C0FA3F /* Base */ = {isa = PBXFileReference; lastKnownFileType = file.storyboard; name = Base; path = Base.lproj/LaunchScreen.storyboard; sourceTree = "<group>"; };
		4365083C26C7A4B700C0FA3F /* Info.plist */ = {isa = PBXFileReference; lastKnownFileType = text.plist.xml; path = Info.plist; sourceTree = "<group>"; };
		4365084126C7A4B800C0FA3F /* SpotifyTests.xctest */ = {isa = PBXFileReference; explicitFileType = wrapper.cfbundle; includeInIndex = 0; path = SpotifyTests.xctest; sourceTree = BUILT_PRODUCTS_DIR; };
		4365084526C7A4B800C0FA3F /* SpotifyTests.swift */ = {isa = PBXFileReference; lastKnownFileType = sourcecode.swift; path = SpotifyTests.swift; sourceTree = "<group>"; };
		4365084726C7A4B800C0FA3F /* Info.plist */ = {isa = PBXFileReference; lastKnownFileType = text.plist.xml; path = Info.plist; sourceTree = "<group>"; };
		4365084C26C7A4B800C0FA3F /* SpotifyUITests.xctest */ = {isa = PBXFileReference; explicitFileType = wrapper.cfbundle; includeInIndex = 0; path = SpotifyUITests.xctest; sourceTree = BUILT_PRODUCTS_DIR; };
		4365085026C7A4B800C0FA3F /* SpotifyUITests.swift */ = {isa = PBXFileReference; lastKnownFileType = sourcecode.swift; path = SpotifyUITests.swift; sourceTree = "<group>"; };
		4365085226C7A4B800C0FA3F /* Info.plist */ = {isa = PBXFileReference; lastKnownFileType = text.plist.xml; path = Info.plist; sourceTree = "<group>"; };
		4365086426C7A6F100C0FA3F /* TabBarViewController.swift */ = {isa = PBXFileReference; lastKnownFileType = sourcecode.swift; path = TabBarViewController.swift; sourceTree = "<group>"; };
		4365086626C7A72100C0FA3F /* SearchViewController.swift */ = {isa = PBXFileReference; lastKnownFileType = sourcecode.swift; path = SearchViewController.swift; sourceTree = "<group>"; };
		4365086826C7A73600C0FA3F /* LibraryViewController.swift */ = {isa = PBXFileReference; lastKnownFileType = sourcecode.swift; path = LibraryViewController.swift; sourceTree = "<group>"; };
		4365086A26C7A74E00C0FA3F /* PremiumViewController.swift */ = {isa = PBXFileReference; lastKnownFileType = sourcecode.swift; path = PremiumViewController.swift; sourceTree = "<group>"; };
		4365086E26C7A7B600C0FA3F /* AuthViewController.swift */ = {isa = PBXFileReference; lastKnownFileType = sourcecode.swift; path = AuthViewController.swift; sourceTree = "<group>"; };
		4365087026C7A7C800C0FA3F /* WelcomeViewController.swift */ = {isa = PBXFileReference; lastKnownFileType = sourcecode.swift; path = WelcomeViewController.swift; sourceTree = "<group>"; };
		4365087226C7A7D900C0FA3F /* SettingsViewController.swift */ = {isa = PBXFileReference; lastKnownFileType = sourcecode.swift; path = SettingsViewController.swift; sourceTree = "<group>"; };
		4365087426C7A7E700C0FA3F /* ProfileViewController.swift */ = {isa = PBXFileReference; lastKnownFileType = sourcecode.swift; path = ProfileViewController.swift; sourceTree = "<group>"; };
		4365087626C7A7F000C0FA3F /* PlayerViewController.swift */ = {isa = PBXFileReference; lastKnownFileType = sourcecode.swift; path = PlayerViewController.swift; sourceTree = "<group>"; };
		4365087826C7A7FD00C0FA3F /* PlaylistViewController.swift */ = {isa = PBXFileReference; lastKnownFileType = sourcecode.swift; path = PlaylistViewController.swift; sourceTree = "<group>"; };
		4365087A26C7A80B00C0FA3F /* SearchResultViewController.swift */ = {isa = PBXFileReference; lastKnownFileType = sourcecode.swift; path = SearchResultViewController.swift; sourceTree = "<group>"; };
		4365087C26C7A82700C0FA3F /* AuthManager.swift */ = {isa = PBXFileReference; lastKnownFileType = sourcecode.swift; path = AuthManager.swift; sourceTree = "<group>"; };
		4365087E26C7A83600C0FA3F /* APICaller.swift */ = {isa = PBXFileReference; lastKnownFileType = sourcecode.swift; path = APICaller.swift; sourceTree = "<group>"; };
		4365088026C7A84B00C0FA3F /* HapticsManager.swift */ = {isa = PBXFileReference; lastKnownFileType = sourcecode.swift; path = HapticsManager.swift; sourceTree = "<group>"; };
		4365088226C7A86900C0FA3F /* Playlist.swift */ = {isa = PBXFileReference; lastKnownFileType = sourcecode.swift; path = Playlist.swift; sourceTree = "<group>"; };
		4365088426C7A87800C0FA3F /* AudioTrack.swift */ = {isa = PBXFileReference; lastKnownFileType = sourcecode.swift; path = AudioTrack.swift; sourceTree = "<group>"; };
		4365088626C7A88400C0FA3F /* Artist.swift */ = {isa = PBXFileReference; lastKnownFileType = sourcecode.swift; path = Artist.swift; sourceTree = "<group>"; };
		4365088826C7A88C00C0FA3F /* UserProfile.swift */ = {isa = PBXFileReference; lastKnownFileType = sourcecode.swift; path = UserProfile.swift; sourceTree = "<group>"; };
		4365088A26CCC8A400C0FA3F /* Extensions.swift */ = {isa = PBXFileReference; lastKnownFileType = sourcecode.swift; path = Extensions.swift; sourceTree = "<group>"; };
		4365088C26CCD83F00C0FA3F /* AuthResponse.swift */ = {isa = PBXFileReference; lastKnownFileType = sourcecode.swift; path = AuthResponse.swift; sourceTree = "<group>"; };
		4365088E26CF75EB00C0FA3F /* Settings.swift */ = {isa = PBXFileReference; lastKnownFileType = sourcecode.swift; path = Settings.swift; sourceTree = "<group>"; };
		4365089026CFAD3F00C0FA3F /* NewReleases.swift */ = {isa = PBXFileReference; lastKnownFileType = sourcecode.swift; path = NewReleases.swift; sourceTree = "<group>"; };
		4365089226CFAE4F00C0FA3F /* APIImage.swift */ = {isa = PBXFileReference; lastKnownFileType = sourcecode.swift; path = APIImage.swift; sourceTree = "<group>"; };
		4365089426CFB31500C0FA3F /* FeaturedPlaylists.swift */ = {isa = PBXFileReference; lastKnownFileType = sourcecode.swift; path = FeaturedPlaylists.swift; sourceTree = "<group>"; };
		4365089626CFB7A400C0FA3F /* Genres.swift */ = {isa = PBXFileReference; lastKnownFileType = sourcecode.swift; path = Genres.swift; sourceTree = "<group>"; };
		4365089826CFBD0000C0FA3F /* Recommendations.swift */ = {isa = PBXFileReference; lastKnownFileType = sourcecode.swift; path = Recommendations.swift; sourceTree = "<group>"; };
		4365089B26D6160300C0FA3F /* NewReleasesCollectionViewCell.swift */ = {isa = PBXFileReference; lastKnownFileType = sourcecode.swift; path = NewReleasesCollectionViewCell.swift; sourceTree = "<group>"; };
		4365089D26D6162500C0FA3F /* FeaturedPlaylistsCollectionViewCell.swift */ = {isa = PBXFileReference; lastKnownFileType = sourcecode.swift; path = FeaturedPlaylistsCollectionViewCell.swift; sourceTree = "<group>"; };
		4365089F26D6163C00C0FA3F /* RecommendedTracksCollectionViewCell.swift */ = {isa = PBXFileReference; lastKnownFileType = sourcecode.swift; path = RecommendedTracksCollectionViewCell.swift; sourceTree = "<group>"; };
		4EE462E5DCD226DAB6D37A5C /* Pods-Spotify.debug.xcconfig */ = {isa = PBXFileReference; includeInIndex = 1; lastKnownFileType = text.xcconfig; name = "Pods-Spotify.debug.xcconfig"; path = "Target Support Files/Pods-Spotify/Pods-Spotify.debug.xcconfig"; sourceTree = "<group>"; };
		7906AE1249AA43302CA8B7EF /* Pods-Spotify-SpotifyUITests.debug.xcconfig */ = {isa = PBXFileReference; includeInIndex = 1; lastKnownFileType = text.xcconfig; name = "Pods-Spotify-SpotifyUITests.debug.xcconfig"; path = "Target Support Files/Pods-Spotify-SpotifyUITests/Pods-Spotify-SpotifyUITests.debug.xcconfig"; sourceTree = "<group>"; };
		9B968DDE45AC6F2FACC276BC /* Pods-SpotifyTests.debug.xcconfig */ = {isa = PBXFileReference; includeInIndex = 1; lastKnownFileType = text.xcconfig; name = "Pods-SpotifyTests.debug.xcconfig"; path = "Target Support Files/Pods-SpotifyTests/Pods-SpotifyTests.debug.xcconfig"; sourceTree = "<group>"; };
		C02FFEF6030F18A8BA2F1C3B /* Pods_Spotify_SpotifyUITests.framework */ = {isa = PBXFileReference; explicitFileType = wrapper.framework; includeInIndex = 0; path = Pods_Spotify_SpotifyUITests.framework; sourceTree = BUILT_PRODUCTS_DIR; };
		CB875DB322E2BAB1A3C96F74 /* Pods-Spotify.release.xcconfig */ = {isa = PBXFileReference; includeInIndex = 1; lastKnownFileType = text.xcconfig; name = "Pods-Spotify.release.xcconfig"; path = "Target Support Files/Pods-Spotify/Pods-Spotify.release.xcconfig"; sourceTree = "<group>"; };
		D480BDC51ABF624D1F78B0C1 /* Pods_SpotifyTests.framework */ = {isa = PBXFileReference; explicitFileType = wrapper.framework; includeInIndex = 0; path = Pods_SpotifyTests.framework; sourceTree = BUILT_PRODUCTS_DIR; };
		E3B6094DEE08570E38F69C60 /* Pods_Spotify.framework */ = {isa = PBXFileReference; explicitFileType = wrapper.framework; includeInIndex = 0; path = Pods_Spotify.framework; sourceTree = BUILT_PRODUCTS_DIR; };
/* End PBXFileReference section */

/* Begin PBXFrameworksBuildPhase section */
		4365082826C7A4B500C0FA3F /* Frameworks */ = {
			isa = PBXFrameworksBuildPhase;
			buildActionMask = 2147483647;
			files = (
				B674A1236877C7D3DBAB7B10 /* Pods_Spotify.framework in Frameworks */,
			);
			runOnlyForDeploymentPostprocessing = 0;
		};
		4365083E26C7A4B800C0FA3F /* Frameworks */ = {
			isa = PBXFrameworksBuildPhase;
			buildActionMask = 2147483647;
			files = (
				B2D9AF571EAE18CA4487DF6A /* Pods_SpotifyTests.framework in Frameworks */,
			);
			runOnlyForDeploymentPostprocessing = 0;
		};
		4365084926C7A4B800C0FA3F /* Frameworks */ = {
			isa = PBXFrameworksBuildPhase;
			buildActionMask = 2147483647;
			files = (
				5351CECD7BC5F5957721C501 /* Pods_Spotify_SpotifyUITests.framework in Frameworks */,
			);
			runOnlyForDeploymentPostprocessing = 0;
		};
/* End PBXFrameworksBuildPhase section */

/* Begin PBXGroup section */
		4365082226C7A4B500C0FA3F = {
			isa = PBXGroup;
			children = (
				4365082D26C7A4B500C0FA3F /* Spotify */,
				4365084426C7A4B800C0FA3F /* SpotifyTests */,
				4365084F26C7A4B800C0FA3F /* SpotifyUITests */,
				4365082C26C7A4B500C0FA3F /* Products */,
				AEB4F289B62717958EEC31D1 /* Pods */,
				FFDD56CE32BF7B76B4D0FC09 /* Frameworks */,
			);
			sourceTree = "<group>";
		};
		4365082C26C7A4B500C0FA3F /* Products */ = {
			isa = PBXGroup;
			children = (
				4365082B26C7A4B500C0FA3F /* Spotify.app */,
				4365084126C7A4B800C0FA3F /* SpotifyTests.xctest */,
				4365084C26C7A4B800C0FA3F /* SpotifyUITests.xctest */,
			);
			name = Products;
			sourceTree = "<group>";
		};
		4365082D26C7A4B500C0FA3F /* Spotify */ = {
			isa = PBXGroup;
			children = (
				4365086326C7A50F00C0FA3F /* Resources */,
				4365086226C7A50100C0FA3F /* Managers */,
				4365086126C7A4FC00C0FA3F /* ViewModels */,
				4365086026C7A4F300C0FA3F /* Models */,
				4365085F26C7A4EB00C0FA3F /* Views */,
				4365085E26C7A4E200C0FA3F /* Controllers */,
				4365083C26C7A4B700C0FA3F /* Info.plist */,
			);
			path = Spotify;
			sourceTree = "<group>";
		};
		4365084426C7A4B800C0FA3F /* SpotifyTests */ = {
			isa = PBXGroup;
			children = (
				4365084526C7A4B800C0FA3F /* SpotifyTests.swift */,
				4365084726C7A4B800C0FA3F /* Info.plist */,
			);
			path = SpotifyTests;
			sourceTree = "<group>";
		};
		4365084F26C7A4B800C0FA3F /* SpotifyUITests */ = {
			isa = PBXGroup;
			children = (
				4365085026C7A4B800C0FA3F /* SpotifyUITests.swift */,
				4365085226C7A4B800C0FA3F /* Info.plist */,
			);
			path = SpotifyUITests;
			sourceTree = "<group>";
		};
		4365085E26C7A4E200C0FA3F /* Controllers */ = {
			isa = PBXGroup;
			children = (
				4365086D26C7A76400C0FA3F /* Others */,
				4365086C26C7A75400C0FA3F /* Core Tabs */,
			);
			path = Controllers;
			sourceTree = "<group>";
		};
		4365085F26C7A4EB00C0FA3F /* Views */ = {
			isa = PBXGroup;
			children = (
				4365089A26D615CE00C0FA3F /* Browse */,
				4365083926C7A4B700C0FA3F /* LaunchScreen.storyboard */,
			);
			path = Views;
			sourceTree = "<group>";
		};
		4365086026C7A4F300C0FA3F /* Models */ = {
			isa = PBXGroup;
			children = (
				4365088226C7A86900C0FA3F /* Playlist.swift */,
				4365088426C7A87800C0FA3F /* AudioTrack.swift */,
				4365088626C7A88400C0FA3F /* Artist.swift */,
				4365088826C7A88C00C0FA3F /* UserProfile.swift */,
				4365088C26CCD83F00C0FA3F /* AuthResponse.swift */,
				4365088E26CF75EB00C0FA3F /* Settings.swift */,
				4365089026CFAD3F00C0FA3F /* NewReleases.swift */,
				4365089226CFAE4F00C0FA3F /* APIImage.swift */,
				4365089426CFB31500C0FA3F /* FeaturedPlaylists.swift */,
				4365089626CFB7A400C0FA3F /* Genres.swift */,
				4365089826CFBD0000C0FA3F /* Recommendations.swift */,
			);
			path = Models;
			sourceTree = "<group>";
		};
		4365086126C7A4FC00C0FA3F /* ViewModels */ = {
			isa = PBXGroup;
			children = (
			);
			path = ViewModels;
			sourceTree = "<group>";
		};
		4365086226C7A50100C0FA3F /* Managers */ = {
			isa = PBXGroup;
			children = (
				4365087C26C7A82700C0FA3F /* AuthManager.swift */,
				4365087E26C7A83600C0FA3F /* APICaller.swift */,
				4365088026C7A84B00C0FA3F /* HapticsManager.swift */,
			);
			path = Managers;
			sourceTree = "<group>";
		};
		4365086326C7A50F00C0FA3F /* Resources */ = {
			isa = PBXGroup;
			children = (
				4365083726C7A4B700C0FA3F /* Assets.xcassets */,
				4365082E26C7A4B500C0FA3F /* AppDelegate.swift */,
				4365083026C7A4B500C0FA3F /* SceneDelegate.swift */,
				4365088A26CCC8A400C0FA3F /* Extensions.swift */,
			);
			path = Resources;
			sourceTree = "<group>";
		};
		4365086C26C7A75400C0FA3F /* Core Tabs */ = {
			isa = PBXGroup;
			children = (
				4365083226C7A4B500C0FA3F /* HomeViewController.swift */,
				4365086426C7A6F100C0FA3F /* TabBarViewController.swift */,
				4365086626C7A72100C0FA3F /* SearchViewController.swift */,
				4365086826C7A73600C0FA3F /* LibraryViewController.swift */,
				4365086A26C7A74E00C0FA3F /* PremiumViewController.swift */,
			);
			path = "Core Tabs";
			sourceTree = "<group>";
		};
		4365086D26C7A76400C0FA3F /* Others */ = {
			isa = PBXGroup;
			children = (
				4365086E26C7A7B600C0FA3F /* AuthViewController.swift */,
				4365087026C7A7C800C0FA3F /* WelcomeViewController.swift */,
				4365087226C7A7D900C0FA3F /* SettingsViewController.swift */,
				4365087426C7A7E700C0FA3F /* ProfileViewController.swift */,
				4365087626C7A7F000C0FA3F /* PlayerViewController.swift */,
				4365087826C7A7FD00C0FA3F /* PlaylistViewController.swift */,
				4365087A26C7A80B00C0FA3F /* SearchResultViewController.swift */,
			);
			path = Others;
			sourceTree = "<group>";
		};
		4365089A26D615CE00C0FA3F /* Browse */ = {
			isa = PBXGroup;
			children = (
				4365089B26D6160300C0FA3F /* NewReleasesCollectionViewCell.swift */,
				4365089D26D6162500C0FA3F /* FeaturedPlaylistsCollectionViewCell.swift */,
				4365089F26D6163C00C0FA3F /* RecommendedTracksCollectionViewCell.swift */,
			);
			path = Browse;
			sourceTree = "<group>";
		};
		AEB4F289B62717958EEC31D1 /* Pods */ = {
			isa = PBXGroup;
			children = (
				4EE462E5DCD226DAB6D37A5C /* Pods-Spotify.debug.xcconfig */,
				CB875DB322E2BAB1A3C96F74 /* Pods-Spotify.release.xcconfig */,
				7906AE1249AA43302CA8B7EF /* Pods-Spotify-SpotifyUITests.debug.xcconfig */,
				402CC8E45EA774C1F32AEB92 /* Pods-Spotify-SpotifyUITests.release.xcconfig */,
				9B968DDE45AC6F2FACC276BC /* Pods-SpotifyTests.debug.xcconfig */,
				2772AA4845F4E313B3B8C3A4 /* Pods-SpotifyTests.release.xcconfig */,
			);
			path = Pods;
			sourceTree = "<group>";
		};
		FFDD56CE32BF7B76B4D0FC09 /* Frameworks */ = {
			isa = PBXGroup;
			children = (
				E3B6094DEE08570E38F69C60 /* Pods_Spotify.framework */,
				C02FFEF6030F18A8BA2F1C3B /* Pods_Spotify_SpotifyUITests.framework */,
				D480BDC51ABF624D1F78B0C1 /* Pods_SpotifyTests.framework */,
			);
			name = Frameworks;
			sourceTree = "<group>";
		};
/* End PBXGroup section */

/* Begin PBXNativeTarget section */
		4365082A26C7A4B500C0FA3F /* Spotify */ = {
			isa = PBXNativeTarget;
			buildConfigurationList = 4365085526C7A4B800C0FA3F /* Build configuration list for PBXNativeTarget "Spotify" */;
			buildPhases = (
				85A40C0FFBA1104A8AA227D6 /* [CP] Check Pods Manifest.lock */,
				4365082726C7A4B500C0FA3F /* Sources */,
				4365082826C7A4B500C0FA3F /* Frameworks */,
				4365082926C7A4B500C0FA3F /* Resources */,
				44AA8864513F8D48466CC505 /* [CP] Embed Pods Frameworks */,
			);
			buildRules = (
			);
			dependencies = (
			);
			name = Spotify;
			productName = Spotify;
			productReference = 4365082B26C7A4B500C0FA3F /* Spotify.app */;
			productType = "com.apple.product-type.application";
		};
		4365084026C7A4B800C0FA3F /* SpotifyTests */ = {
			isa = PBXNativeTarget;
			buildConfigurationList = 4365085826C7A4B800C0FA3F /* Build configuration list for PBXNativeTarget "SpotifyTests" */;
			buildPhases = (
				61EBD065173632C62EB9834A /* [CP] Check Pods Manifest.lock */,
				4365083D26C7A4B800C0FA3F /* Sources */,
				4365083E26C7A4B800C0FA3F /* Frameworks */,
				4365083F26C7A4B800C0FA3F /* Resources */,
			);
			buildRules = (
			);
			dependencies = (
				4365084326C7A4B800C0FA3F /* PBXTargetDependency */,
			);
			name = SpotifyTests;
			productName = SpotifyTests;
			productReference = 4365084126C7A4B800C0FA3F /* SpotifyTests.xctest */;
			productType = "com.apple.product-type.bundle.unit-test";
		};
		4365084B26C7A4B800C0FA3F /* SpotifyUITests */ = {
			isa = PBXNativeTarget;
			buildConfigurationList = 4365085B26C7A4B800C0FA3F /* Build configuration list for PBXNativeTarget "SpotifyUITests" */;
			buildPhases = (
				E4D18E965BAC4BAB4068A07B /* [CP] Check Pods Manifest.lock */,
				4365084826C7A4B800C0FA3F /* Sources */,
				4365084926C7A4B800C0FA3F /* Frameworks */,
				4365084A26C7A4B800C0FA3F /* Resources */,
				D0C8F5E73DF5CA60AADC47B2 /* [CP] Embed Pods Frameworks */,
			);
			buildRules = (
			);
			dependencies = (
				4365084E26C7A4B800C0FA3F /* PBXTargetDependency */,
			);
			name = SpotifyUITests;
			productName = SpotifyUITests;
			productReference = 4365084C26C7A4B800C0FA3F /* SpotifyUITests.xctest */;
			productType = "com.apple.product-type.bundle.ui-testing";
		};
/* End PBXNativeTarget section */

/* Begin PBXProject section */
		4365082326C7A4B500C0FA3F /* Project object */ = {
			isa = PBXProject;
			attributes = {
				LastSwiftUpdateCheck = 1250;
				LastUpgradeCheck = 1250;
				TargetAttributes = {
					4365082A26C7A4B500C0FA3F = {
						CreatedOnToolsVersion = 12.5;
					};
					4365084026C7A4B800C0FA3F = {
						CreatedOnToolsVersion = 12.5;
						TestTargetID = 4365082A26C7A4B500C0FA3F;
					};
					4365084B26C7A4B800C0FA3F = {
						CreatedOnToolsVersion = 12.5;
						TestTargetID = 4365082A26C7A4B500C0FA3F;
					};
				};
			};
			buildConfigurationList = 4365082626C7A4B500C0FA3F /* Build configuration list for PBXProject "Spotify" */;
			compatibilityVersion = "Xcode 9.3";
			developmentRegion = en;
			hasScannedForEncodings = 0;
			knownRegions = (
				en,
				Base,
			);
			mainGroup = 4365082226C7A4B500C0FA3F;
			productRefGroup = 4365082C26C7A4B500C0FA3F /* Products */;
			projectDirPath = "";
			projectRoot = "";
			targets = (
				4365082A26C7A4B500C0FA3F /* Spotify */,
				4365084026C7A4B800C0FA3F /* SpotifyTests */,
				4365084B26C7A4B800C0FA3F /* SpotifyUITests */,
			);
		};
/* End PBXProject section */

/* Begin PBXResourcesBuildPhase section */
		4365082926C7A4B500C0FA3F /* Resources */ = {
			isa = PBXResourcesBuildPhase;
			buildActionMask = 2147483647;
			files = (
				4365083B26C7A4B700C0FA3F /* LaunchScreen.storyboard in Resources */,
				4365083826C7A4B700C0FA3F /* Assets.xcassets in Resources */,
			);
			runOnlyForDeploymentPostprocessing = 0;
		};
		4365083F26C7A4B800C0FA3F /* Resources */ = {
			isa = PBXResourcesBuildPhase;
			buildActionMask = 2147483647;
			files = (
			);
			runOnlyForDeploymentPostprocessing = 0;
		};
		4365084A26C7A4B800C0FA3F /* Resources */ = {
			isa = PBXResourcesBuildPhase;
			buildActionMask = 2147483647;
			files = (
			);
			runOnlyForDeploymentPostprocessing = 0;
		};
/* End PBXResourcesBuildPhase section */

/* Begin PBXShellScriptBuildPhase section */
		44AA8864513F8D48466CC505 /* [CP] Embed Pods Frameworks */ = {
			isa = PBXShellScriptBuildPhase;
			buildActionMask = 2147483647;
			files = (
			);
			inputFileListPaths = (
				"${PODS_ROOT}/Target Support Files/Pods-Spotify/Pods-Spotify-frameworks-${CONFIGURATION}-input-files.xcfilelist",
			);
			name = "[CP] Embed Pods Frameworks";
			outputFileListPaths = (
				"${PODS_ROOT}/Target Support Files/Pods-Spotify/Pods-Spotify-frameworks-${CONFIGURATION}-output-files.xcfilelist",
			);
			runOnlyForDeploymentPostprocessing = 0;
			shellPath = /bin/sh;
			shellScript = "\"${PODS_ROOT}/Target Support Files/Pods-Spotify/Pods-Spotify-frameworks.sh\"\n";
			showEnvVarsInLog = 0;
		};
		61EBD065173632C62EB9834A /* [CP] Check Pods Manifest.lock */ = {
			isa = PBXShellScriptBuildPhase;
			buildActionMask = 2147483647;
			files = (
			);
			inputFileListPaths = (
			);
			inputPaths = (
				"${PODS_PODFILE_DIR_PATH}/Podfile.lock",
				"${PODS_ROOT}/Manifest.lock",
			);
			name = "[CP] Check Pods Manifest.lock";
			outputFileListPaths = (
			);
			outputPaths = (
				"$(DERIVED_FILE_DIR)/Pods-SpotifyTests-checkManifestLockResult.txt",
			);
			runOnlyForDeploymentPostprocessing = 0;
			shellPath = /bin/sh;
			shellScript = "diff \"${PODS_PODFILE_DIR_PATH}/Podfile.lock\" \"${PODS_ROOT}/Manifest.lock\" > /dev/null\nif [ $? != 0 ] ; then\n    # print error to STDERR\n    echo \"error: The sandbox is not in sync with the Podfile.lock. Run 'pod install' or update your CocoaPods installation.\" >&2\n    exit 1\nfi\n# This output is used by Xcode 'outputs' to avoid re-running this script phase.\necho \"SUCCESS\" > \"${SCRIPT_OUTPUT_FILE_0}\"\n";
			showEnvVarsInLog = 0;
		};
		85A40C0FFBA1104A8AA227D6 /* [CP] Check Pods Manifest.lock */ = {
			isa = PBXShellScriptBuildPhase;
			buildActionMask = 2147483647;
			files = (
			);
			inputFileListPaths = (
			);
			inputPaths = (
				"${PODS_PODFILE_DIR_PATH}/Podfile.lock",
				"${PODS_ROOT}/Manifest.lock",
			);
			name = "[CP] Check Pods Manifest.lock";
			outputFileListPaths = (
			);
			outputPaths = (
				"$(DERIVED_FILE_DIR)/Pods-Spotify-checkManifestLockResult.txt",
			);
			runOnlyForDeploymentPostprocessing = 0;
			shellPath = /bin/sh;
			shellScript = "diff \"${PODS_PODFILE_DIR_PATH}/Podfile.lock\" \"${PODS_ROOT}/Manifest.lock\" > /dev/null\nif [ $? != 0 ] ; then\n    # print error to STDERR\n    echo \"error: The sandbox is not in sync with the Podfile.lock. Run 'pod install' or update your CocoaPods installation.\" >&2\n    exit 1\nfi\n# This output is used by Xcode 'outputs' to avoid re-running this script phase.\necho \"SUCCESS\" > \"${SCRIPT_OUTPUT_FILE_0}\"\n";
			showEnvVarsInLog = 0;
		};
		D0C8F5E73DF5CA60AADC47B2 /* [CP] Embed Pods Frameworks */ = {
			isa = PBXShellScriptBuildPhase;
			buildActionMask = 2147483647;
			files = (
			);
			inputFileListPaths = (
				"${PODS_ROOT}/Target Support Files/Pods-Spotify-SpotifyUITests/Pods-Spotify-SpotifyUITests-frameworks-${CONFIGURATION}-input-files.xcfilelist",
			);
			name = "[CP] Embed Pods Frameworks";
			outputFileListPaths = (
				"${PODS_ROOT}/Target Support Files/Pods-Spotify-SpotifyUITests/Pods-Spotify-SpotifyUITests-frameworks-${CONFIGURATION}-output-files.xcfilelist",
			);
			runOnlyForDeploymentPostprocessing = 0;
			shellPath = /bin/sh;
			shellScript = "\"${PODS_ROOT}/Target Support Files/Pods-Spotify-SpotifyUITests/Pods-Spotify-SpotifyUITests-frameworks.sh\"\n";
			showEnvVarsInLog = 0;
		};
		E4D18E965BAC4BAB4068A07B /* [CP] Check Pods Manifest.lock */ = {
			isa = PBXShellScriptBuildPhase;
			buildActionMask = 2147483647;
			files = (
			);
			inputFileListPaths = (
			);
			inputPaths = (
				"${PODS_PODFILE_DIR_PATH}/Podfile.lock",
				"${PODS_ROOT}/Manifest.lock",
			);
			name = "[CP] Check Pods Manifest.lock";
			outputFileListPaths = (
			);
			outputPaths = (
				"$(DERIVED_FILE_DIR)/Pods-Spotify-SpotifyUITests-checkManifestLockResult.txt",
			);
			runOnlyForDeploymentPostprocessing = 0;
			shellPath = /bin/sh;
			shellScript = "diff \"${PODS_PODFILE_DIR_PATH}/Podfile.lock\" \"${PODS_ROOT}/Manifest.lock\" > /dev/null\nif [ $? != 0 ] ; then\n    # print error to STDERR\n    echo \"error: The sandbox is not in sync with the Podfile.lock. Run 'pod install' or update your CocoaPods installation.\" >&2\n    exit 1\nfi\n# This output is used by Xcode 'outputs' to avoid re-running this script phase.\necho \"SUCCESS\" > \"${SCRIPT_OUTPUT_FILE_0}\"\n";
			showEnvVarsInLog = 0;
		};
/* End PBXShellScriptBuildPhase section */

/* Begin PBXSourcesBuildPhase section */
		4365082726C7A4B500C0FA3F /* Sources */ = {
			isa = PBXSourcesBuildPhase;
			buildActionMask = 2147483647;
			files = (
				4365087126C7A7C800C0FA3F /* WelcomeViewController.swift in Sources */,
				4365088526C7A87800C0FA3F /* AudioTrack.swift in Sources */,
				4365088926C7A88C00C0FA3F /* UserProfile.swift in Sources */,
				4365086726C7A72100C0FA3F /* SearchViewController.swift in Sources */,
				4365086526C7A6F100C0FA3F /* TabBarViewController.swift in Sources */,
				4365087326C7A7D900C0FA3F /* SettingsViewController.swift in Sources */,
				4365087D26C7A82700C0FA3F /* AuthManager.swift in Sources */,
				4365087926C7A7FD00C0FA3F /* PlaylistViewController.swift in Sources */,
				4365083326C7A4B500C0FA3F /* HomeViewController.swift in Sources */,
				4365088B26CCC8A400C0FA3F /* Extensions.swift in Sources */,
				4365087F26C7A83600C0FA3F /* APICaller.swift in Sources */,
				4365088126C7A84B00C0FA3F /* HapticsManager.swift in Sources */,
				4365087726C7A7F000C0FA3F /* PlayerViewController.swift in Sources */,
				4365086B26C7A74E00C0FA3F /* PremiumViewController.swift in Sources */,
				4365088326C7A86900C0FA3F /* Playlist.swift in Sources */,
				4365087B26C7A80B00C0FA3F /* SearchResultViewController.swift in Sources */,
				4365089126CFAD3F00C0FA3F /* NewReleases.swift in Sources */,
				4365087526C7A7E700C0FA3F /* ProfileViewController.swift in Sources */,
				4365089326CFAE4F00C0FA3F /* APIImage.swift in Sources */,
				4365086F26C7A7B600C0FA3F /* AuthViewController.swift in Sources */,
				4365088F26CF75EB00C0FA3F /* Settings.swift in Sources */,
				4365089C26D6160300C0FA3F /* NewReleasesCollectionViewCell.swift in Sources */,
				436508A026D6163C00C0FA3F /* RecommendedTracksCollectionViewCell.swift in Sources */,
				4365089926CFBD0000C0FA3F /* Recommendations.swift in Sources */,
				4365082F26C7A4B500C0FA3F /* AppDelegate.swift in Sources */,
				4365086926C7A73600C0FA3F /* LibraryViewController.swift in Sources */,
				4365089726CFB7A400C0FA3F /* Genres.swift in Sources */,
				4365088726C7A88400C0FA3F /* Artist.swift in Sources */,
				4365089526CFB31500C0FA3F /* FeaturedPlaylists.swift in Sources */,
				4365089E26D6162500C0FA3F /* FeaturedPlaylistsCollectionViewCell.swift in Sources */,
				4365088D26CCD83F00C0FA3F /* AuthResponse.swift in Sources */,
				4365083126C7A4B500C0FA3F /* SceneDelegate.swift in Sources */,
			);
			runOnlyForDeploymentPostprocessing = 0;
		};
		4365083D26C7A4B800C0FA3F /* Sources */ = {
			isa = PBXSourcesBuildPhase;
			buildActionMask = 2147483647;
			files = (
				4365084626C7A4B800C0FA3F /* SpotifyTests.swift in Sources */,
			);
			runOnlyForDeploymentPostprocessing = 0;
		};
		4365084826C7A4B800C0FA3F /* Sources */ = {
			isa = PBXSourcesBuildPhase;
			buildActionMask = 2147483647;
			files = (
				4365085126C7A4B800C0FA3F /* SpotifyUITests.swift in Sources */,
			);
			runOnlyForDeploymentPostprocessing = 0;
		};
/* End PBXSourcesBuildPhase section */

/* Begin PBXTargetDependency section */
		4365084326C7A4B800C0FA3F /* PBXTargetDependency */ = {
			isa = PBXTargetDependency;
			target = 4365082A26C7A4B500C0FA3F /* Spotify */;
			targetProxy = 4365084226C7A4B800C0FA3F /* PBXContainerItemProxy */;
		};
		4365084E26C7A4B800C0FA3F /* PBXTargetDependency */ = {
			isa = PBXTargetDependency;
			target = 4365082A26C7A4B500C0FA3F /* Spotify */;
			targetProxy = 4365084D26C7A4B800C0FA3F /* PBXContainerItemProxy */;
		};
/* End PBXTargetDependency section */

/* Begin PBXVariantGroup section */
		4365083926C7A4B700C0FA3F /* LaunchScreen.storyboard */ = {
			isa = PBXVariantGroup;
			children = (
				4365083A26C7A4B700C0FA3F /* Base */,
			);
			name = LaunchScreen.storyboard;
			sourceTree = "<group>";
		};
/* End PBXVariantGroup section */

/* Begin XCBuildConfiguration section */
		4365085326C7A4B800C0FA3F /* Debug */ = {
			isa = XCBuildConfiguration;
			buildSettings = {
				ALWAYS_SEARCH_USER_PATHS = NO;
				CLANG_ANALYZER_NONNULL = YES;
				CLANG_ANALYZER_NUMBER_OBJECT_CONVERSION = YES_AGGRESSIVE;
				CLANG_CXX_LANGUAGE_STANDARD = "gnu++14";
				CLANG_CXX_LIBRARY = "libc++";
				CLANG_ENABLE_MODULES = YES;
				CLANG_ENABLE_OBJC_ARC = YES;
				CLANG_ENABLE_OBJC_WEAK = YES;
				CLANG_WARN_BLOCK_CAPTURE_AUTORELEASING = YES;
				CLANG_WARN_BOOL_CONVERSION = YES;
				CLANG_WARN_COMMA = YES;
				CLANG_WARN_CONSTANT_CONVERSION = YES;
				CLANG_WARN_DEPRECATED_OBJC_IMPLEMENTATIONS = YES;
				CLANG_WARN_DIRECT_OBJC_ISA_USAGE = YES_ERROR;
				CLANG_WARN_DOCUMENTATION_COMMENTS = YES;
				CLANG_WARN_EMPTY_BODY = YES;
				CLANG_WARN_ENUM_CONVERSION = YES;
				CLANG_WARN_INFINITE_RECURSION = YES;
				CLANG_WARN_INT_CONVERSION = YES;
				CLANG_WARN_NON_LITERAL_NULL_CONVERSION = YES;
				CLANG_WARN_OBJC_IMPLICIT_RETAIN_SELF = YES;
				CLANG_WARN_OBJC_LITERAL_CONVERSION = YES;
				CLANG_WARN_OBJC_ROOT_CLASS = YES_ERROR;
				CLANG_WARN_QUOTED_INCLUDE_IN_FRAMEWORK_HEADER = YES;
				CLANG_WARN_RANGE_LOOP_ANALYSIS = YES;
				CLANG_WARN_STRICT_PROTOTYPES = YES;
				CLANG_WARN_SUSPICIOUS_MOVE = YES;
				CLANG_WARN_UNGUARDED_AVAILABILITY = YES_AGGRESSIVE;
				CLANG_WARN_UNREACHABLE_CODE = YES;
				CLANG_WARN__DUPLICATE_METHOD_MATCH = YES;
				COPY_PHASE_STRIP = NO;
				DEBUG_INFORMATION_FORMAT = dwarf;
				ENABLE_STRICT_OBJC_MSGSEND = YES;
				ENABLE_TESTABILITY = YES;
				GCC_C_LANGUAGE_STANDARD = gnu11;
				GCC_DYNAMIC_NO_PIC = NO;
				GCC_NO_COMMON_BLOCKS = YES;
				GCC_OPTIMIZATION_LEVEL = 0;
				GCC_PREPROCESSOR_DEFINITIONS = (
					"DEBUG=1",
					"$(inherited)",
				);
				GCC_WARN_64_TO_32_BIT_CONVERSION = YES;
				GCC_WARN_ABOUT_RETURN_TYPE = YES_ERROR;
				GCC_WARN_UNDECLARED_SELECTOR = YES;
				GCC_WARN_UNINITIALIZED_AUTOS = YES_AGGRESSIVE;
				GCC_WARN_UNUSED_FUNCTION = YES;
				GCC_WARN_UNUSED_VARIABLE = YES;
				IPHONEOS_DEPLOYMENT_TARGET = 14.5;
				MTL_ENABLE_DEBUG_INFO = INCLUDE_SOURCE;
				MTL_FAST_MATH = YES;
				ONLY_ACTIVE_ARCH = YES;
				SDKROOT = iphoneos;
				SWIFT_ACTIVE_COMPILATION_CONDITIONS = DEBUG;
				SWIFT_OPTIMIZATION_LEVEL = "-Onone";
			};
			name = Debug;
		};
		4365085426C7A4B800C0FA3F /* Release */ = {
			isa = XCBuildConfiguration;
			buildSettings = {
				ALWAYS_SEARCH_USER_PATHS = NO;
				CLANG_ANALYZER_NONNULL = YES;
				CLANG_ANALYZER_NUMBER_OBJECT_CONVERSION = YES_AGGRESSIVE;
				CLANG_CXX_LANGUAGE_STANDARD = "gnu++14";
				CLANG_CXX_LIBRARY = "libc++";
				CLANG_ENABLE_MODULES = YES;
				CLANG_ENABLE_OBJC_ARC = YES;
				CLANG_ENABLE_OBJC_WEAK = YES;
				CLANG_WARN_BLOCK_CAPTURE_AUTORELEASING = YES;
				CLANG_WARN_BOOL_CONVERSION = YES;
				CLANG_WARN_COMMA = YES;
				CLANG_WARN_CONSTANT_CONVERSION = YES;
				CLANG_WARN_DEPRECATED_OBJC_IMPLEMENTATIONS = YES;
				CLANG_WARN_DIRECT_OBJC_ISA_USAGE = YES_ERROR;
				CLANG_WARN_DOCUMENTATION_COMMENTS = YES;
				CLANG_WARN_EMPTY_BODY = YES;
				CLANG_WARN_ENUM_CONVERSION = YES;
				CLANG_WARN_INFINITE_RECURSION = YES;
				CLANG_WARN_INT_CONVERSION = YES;
				CLANG_WARN_NON_LITERAL_NULL_CONVERSION = YES;
				CLANG_WARN_OBJC_IMPLICIT_RETAIN_SELF = YES;
				CLANG_WARN_OBJC_LITERAL_CONVERSION = YES;
				CLANG_WARN_OBJC_ROOT_CLASS = YES_ERROR;
				CLANG_WARN_QUOTED_INCLUDE_IN_FRAMEWORK_HEADER = YES;
				CLANG_WARN_RANGE_LOOP_ANALYSIS = YES;
				CLANG_WARN_STRICT_PROTOTYPES = YES;
				CLANG_WARN_SUSPICIOUS_MOVE = YES;
				CLANG_WARN_UNGUARDED_AVAILABILITY = YES_AGGRESSIVE;
				CLANG_WARN_UNREACHABLE_CODE = YES;
				CLANG_WARN__DUPLICATE_METHOD_MATCH = YES;
				COPY_PHASE_STRIP = NO;
				DEBUG_INFORMATION_FORMAT = "dwarf-with-dsym";
				ENABLE_NS_ASSERTIONS = NO;
				ENABLE_STRICT_OBJC_MSGSEND = YES;
				GCC_C_LANGUAGE_STANDARD = gnu11;
				GCC_NO_COMMON_BLOCKS = YES;
				GCC_WARN_64_TO_32_BIT_CONVERSION = YES;
				GCC_WARN_ABOUT_RETURN_TYPE = YES_ERROR;
				GCC_WARN_UNDECLARED_SELECTOR = YES;
				GCC_WARN_UNINITIALIZED_AUTOS = YES_AGGRESSIVE;
				GCC_WARN_UNUSED_FUNCTION = YES;
				GCC_WARN_UNUSED_VARIABLE = YES;
				IPHONEOS_DEPLOYMENT_TARGET = 14.5;
				MTL_ENABLE_DEBUG_INFO = NO;
				MTL_FAST_MATH = YES;
				SDKROOT = iphoneos;
				SWIFT_COMPILATION_MODE = wholemodule;
				SWIFT_OPTIMIZATION_LEVEL = "-O";
				VALIDATE_PRODUCT = YES;
			};
			name = Release;
		};
		4365085626C7A4B800C0FA3F /* Debug */ = {
			isa = XCBuildConfiguration;
			baseConfigurationReference = 4EE462E5DCD226DAB6D37A5C /* Pods-Spotify.debug.xcconfig */;
			buildSettings = {
				ASSETCATALOG_COMPILER_APPICON_NAME = AppIcon;
				ASSETCATALOG_COMPILER_GLOBAL_ACCENT_COLOR_NAME = AccentColor;
				CODE_SIGN_STYLE = Automatic;
				DEVELOPMENT_TEAM = 7ZW95Z6WF9;
				INFOPLIST_FILE = Spotify/Info.plist;
				LD_RUNPATH_SEARCH_PATHS = (
					"$(inherited)",
					"@executable_path/Frameworks",
				);
				PRODUCT_BUNDLE_IDENTIFIER = kch.Spotify;
				PRODUCT_NAME = "$(TARGET_NAME)";
				SWIFT_VERSION = 5.0;
				TARGETED_DEVICE_FAMILY = "1,2";
			};
			name = Debug;
		};
		4365085726C7A4B800C0FA3F /* Release */ = {
			isa = XCBuildConfiguration;
			baseConfigurationReference = CB875DB322E2BAB1A3C96F74 /* Pods-Spotify.release.xcconfig */;
			buildSettings = {
				ASSETCATALOG_COMPILER_APPICON_NAME = AppIcon;
				ASSETCATALOG_COMPILER_GLOBAL_ACCENT_COLOR_NAME = AccentColor;
				CODE_SIGN_STYLE = Automatic;
				DEVELOPMENT_TEAM = 7ZW95Z6WF9;
				INFOPLIST_FILE = Spotify/Info.plist;
				LD_RUNPATH_SEARCH_PATHS = (
					"$(inherited)",
					"@executable_path/Frameworks",
				);
				PRODUCT_BUNDLE_IDENTIFIER = kch.Spotify;
				PRODUCT_NAME = "$(TARGET_NAME)";
				SWIFT_VERSION = 5.0;
				TARGETED_DEVICE_FAMILY = "1,2";
			};
			name = Release;
		};
		4365085926C7A4B800C0FA3F /* Debug */ = {
			isa = XCBuildConfiguration;
			baseConfigurationReference = 9B968DDE45AC6F2FACC276BC /* Pods-SpotifyTests.debug.xcconfig */;
			buildSettings = {
				ALWAYS_EMBED_SWIFT_STANDARD_LIBRARIES = YES;
				BUNDLE_LOADER = "$(TEST_HOST)";
				CODE_SIGN_STYLE = Automatic;
				DEVELOPMENT_TEAM = 7ZW95Z6WF9;
				INFOPLIST_FILE = SpotifyTests/Info.plist;
				IPHONEOS_DEPLOYMENT_TARGET = 14.5;
				LD_RUNPATH_SEARCH_PATHS = (
					"$(inherited)",
					"@executable_path/Frameworks",
					"@loader_path/Frameworks",
				);
				PRODUCT_BUNDLE_IDENTIFIER = kch.SpotifyTests;
				PRODUCT_NAME = "$(TARGET_NAME)";
				SWIFT_VERSION = 5.0;
				TARGETED_DEVICE_FAMILY = "1,2";
				TEST_HOST = "$(BUILT_PRODUCTS_DIR)/Spotify.app/Spotify";
			};
			name = Debug;
		};
		4365085A26C7A4B800C0FA3F /* Release */ = {
			isa = XCBuildConfiguration;
			baseConfigurationReference = 2772AA4845F4E313B3B8C3A4 /* Pods-SpotifyTests.release.xcconfig */;
			buildSettings = {
				ALWAYS_EMBED_SWIFT_STANDARD_LIBRARIES = YES;
				BUNDLE_LOADER = "$(TEST_HOST)";
				CODE_SIGN_STYLE = Automatic;
				DEVELOPMENT_TEAM = 7ZW95Z6WF9;
				INFOPLIST_FILE = SpotifyTests/Info.plist;
				IPHONEOS_DEPLOYMENT_TARGET = 14.5;
				LD_RUNPATH_SEARCH_PATHS = (
					"$(inherited)",
					"@executable_path/Frameworks",
					"@loader_path/Frameworks",
				);
				PRODUCT_BUNDLE_IDENTIFIER = kch.SpotifyTests;
				PRODUCT_NAME = "$(TARGET_NAME)";
				SWIFT_VERSION = 5.0;
				TARGETED_DEVICE_FAMILY = "1,2";
				TEST_HOST = "$(BUILT_PRODUCTS_DIR)/Spotify.app/Spotify";
			};
			name = Release;
		};
		4365085C26C7A4B800C0FA3F /* Debug */ = {
			isa = XCBuildConfiguration;
			baseConfigurationReference = 7906AE1249AA43302CA8B7EF /* Pods-Spotify-SpotifyUITests.debug.xcconfig */;
			buildSettings = {
				ALWAYS_EMBED_SWIFT_STANDARD_LIBRARIES = YES;
				CODE_SIGN_STYLE = Automatic;
				DEVELOPMENT_TEAM = 7ZW95Z6WF9;
				INFOPLIST_FILE = SpotifyUITests/Info.plist;
				LD_RUNPATH_SEARCH_PATHS = (
					"$(inherited)",
					"@executable_path/Frameworks",
					"@loader_path/Frameworks",
				);
				PRODUCT_BUNDLE_IDENTIFIER = kch.SpotifyUITests;
				PRODUCT_NAME = "$(TARGET_NAME)";
				SWIFT_VERSION = 5.0;
				TARGETED_DEVICE_FAMILY = "1,2";
				TEST_TARGET_NAME = Spotify;
			};
			name = Debug;
		};
		4365085D26C7A4B800C0FA3F /* Release */ = {
			isa = XCBuildConfiguration;
			baseConfigurationReference = 402CC8E45EA774C1F32AEB92 /* Pods-Spotify-SpotifyUITests.release.xcconfig */;
			buildSettings = {
				ALWAYS_EMBED_SWIFT_STANDARD_LIBRARIES = YES;
				CODE_SIGN_STYLE = Automatic;
				DEVELOPMENT_TEAM = 7ZW95Z6WF9;
				INFOPLIST_FILE = SpotifyUITests/Info.plist;
				LD_RUNPATH_SEARCH_PATHS = (
					"$(inherited)",
					"@executable_path/Frameworks",
					"@loader_path/Frameworks",
				);
				PRODUCT_BUNDLE_IDENTIFIER = kch.SpotifyUITests;
				PRODUCT_NAME = "$(TARGET_NAME)";
				SWIFT_VERSION = 5.0;
				TARGETED_DEVICE_FAMILY = "1,2";
				TEST_TARGET_NAME = Spotify;
			};
			name = Release;
		};
/* End XCBuildConfiguration section */

/* Begin XCConfigurationList section */
		4365082626C7A4B500C0FA3F /* Build configuration list for PBXProject "Spotify" */ = {
			isa = XCConfigurationList;
			buildConfigurations = (
				4365085326C7A4B800C0FA3F /* Debug */,
				4365085426C7A4B800C0FA3F /* Release */,
			);
			defaultConfigurationIsVisible = 0;
			defaultConfigurationName = Release;
		};
		4365085526C7A4B800C0FA3F /* Build configuration list for PBXNativeTarget "Spotify" */ = {
			isa = XCConfigurationList;
			buildConfigurations = (
				4365085626C7A4B800C0FA3F /* Debug */,
				4365085726C7A4B800C0FA3F /* Release */,
			);
			defaultConfigurationIsVisible = 0;
			defaultConfigurationName = Release;
		};
		4365085826C7A4B800C0FA3F /* Build configuration list for PBXNativeTarget "SpotifyTests" */ = {
			isa = XCConfigurationList;
			buildConfigurations = (
				4365085926C7A4B800C0FA3F /* Debug */,
				4365085A26C7A4B800C0FA3F /* Release */,
			);
			defaultConfigurationIsVisible = 0;
			defaultConfigurationName = Release;
		};
		4365085B26C7A4B800C0FA3F /* Build configuration list for PBXNativeTarget "SpotifyUITests" */ = {
			isa = XCConfigurationList;
			buildConfigurations = (
				4365085C26C7A4B800C0FA3F /* Debug */,
				4365085D26C7A4B800C0FA3F /* Release */,
			);
			defaultConfigurationIsVisible = 0;
			defaultConfigurationName = Release;
		};
/* End XCConfigurationList section */
	};
	rootObject = 4365082326C7A4B500C0FA3F /* Project object */;
}
