// !$*UTF8*$!
{
	archiveVersion = 1;
	classes = {
	};
	objectVersion = 50;
	objects = {

/* Begin PBXBuildFile section */
		43B4833F264BB2E300BA0533 /* AppDelegate.swift in Sources */ = {isa = PBXBuildFile; fileRef = 43B4833E264BB2E300BA0533 /* AppDelegate.swift */; };
		43B48341264BB2E300BA0533 /* SceneDelegate.swift in Sources */ = {isa = PBXBuildFile; fileRef = 43B48340264BB2E300BA0533 /* SceneDelegate.swift */; };
		43B48343264BB2E300BA0533 /* ViewController.swift in Sources */ = {isa = PBXBuildFile; fileRef = 43B48342264BB2E300BA0533 /* ViewController.swift */; };
		43B48346264BB2E300BA0533 /* Main.storyboard in Resources */ = {isa = PBXBuildFile; fileRef = 43B48344264BB2E300BA0533 /* Main.storyboard */; };
		43B48348264BB2E600BA0533 /* Assets.xcassets in Resources */ = {isa = PBXBuildFile; fileRef = 43B48347264BB2E600BA0533 /* Assets.xcassets */; };
		43B4834B264BB2E600BA0533 /* LaunchScreen.storyboard in Resources */ = {isa = PBXBuildFile; fileRef = 43B48349264BB2E600BA0533 /* LaunchScreen.storyboard */; };
		43B48356264BB2E600BA0533 /* Border_radius_PreviewerTests.swift in Sources */ = {isa = PBXBuildFile; fileRef = 43B48355264BB2E600BA0533 /* Border_radius_PreviewerTests.swift */; };
		43B48361264BB2E600BA0533 /* Border_radius_PreviewerUITests.swift in Sources */ = {isa = PBXBuildFile; fileRef = 43B48360264BB2E600BA0533 /* Border_radius_PreviewerUITests.swift */; };
/* End PBXBuildFile section */

/* Begin PBXContainerItemProxy section */
		43B48352264BB2E600BA0533 /* PBXContainerItemProxy */ = {
			isa = PBXContainerItemProxy;
			containerPortal = 43B48333264BB2E300BA0533 /* Project object */;
			proxyType = 1;
			remoteGlobalIDString = 43B4833A264BB2E300BA0533;
			remoteInfo = "Border radius Previewer";
		};
		43B4835D264BB2E600BA0533 /* PBXContainerItemProxy */ = {
			isa = PBXContainerItemProxy;
			containerPortal = 43B48333264BB2E300BA0533 /* Project object */;
			proxyType = 1;
			remoteGlobalIDString = 43B4833A264BB2E300BA0533;
			remoteInfo = "Border radius Previewer";
		};
/* End PBXContainerItemProxy section */

/* Begin PBXFileReference section */
		43B4833B264BB2E300BA0533 /* Border radius Previewer.app */ = {isa = PBXFileReference; explicitFileType = wrapper.application; includeInIndex = 0; path = "Border radius Previewer.app"; sourceTree = BUILT_PRODUCTS_DIR; };
		43B4833E264BB2E300BA0533 /* AppDelegate.swift */ = {isa = PBXFileReference; lastKnownFileType = sourcecode.swift; path = AppDelegate.swift; sourceTree = "<group>"; };
		43B48340264BB2E300BA0533 /* SceneDelegate.swift */ = {isa = PBXFileReference; lastKnownFileType = sourcecode.swift; path = SceneDelegate.swift; sourceTree = "<group>"; };
		43B48342264BB2E300BA0533 /* ViewController.swift */ = {isa = PBXFileReference; lastKnownFileType = sourcecode.swift; path = ViewController.swift; sourceTree = "<group>"; };
		43B48345264BB2E300BA0533 /* Base */ = {isa = PBXFileReference; lastKnownFileType = file.storyboard; name = Base; path = Base.lproj/Main.storyboard; sourceTree = "<group>"; };
		43B48347264BB2E600BA0533 /* Assets.xcassets */ = {isa = PBXFileReference; lastKnownFileType = folder.assetcatalog; path = Assets.xcassets; sourceTree = "<group>"; };
		43B4834A264BB2E600BA0533 /* Base */ = {isa = PBXFileReference; lastKnownFileType = file.storyboard; name = Base; path = Base.lproj/LaunchScreen.storyboard; sourceTree = "<group>"; };
		43B4834C264BB2E600BA0533 /* Info.plist */ = {isa = PBXFileReference; lastKnownFileType = text.plist.xml; path = Info.plist; sourceTree = "<group>"; };
		43B48351264BB2E600BA0533 /* Border radius PreviewerTests.xctest */ = {isa = PBXFileReference; explicitFileType = wrapper.cfbundle; includeInIndex = 0; path = "Border radius PreviewerTests.xctest"; sourceTree = BUILT_PRODUCTS_DIR; };
		43B48355264BB2E600BA0533 /* Border_radius_PreviewerTests.swift */ = {isa = PBXFileReference; lastKnownFileType = sourcecode.swift; path = Border_radius_PreviewerTests.swift; sourceTree = "<group>"; };
		43B48357264BB2E600BA0533 /* Info.plist */ = {isa = PBXFileReference; lastKnownFileType = text.plist.xml; path = Info.plist; sourceTree = "<group>"; };
		43B4835C264BB2E600BA0533 /* Border radius PreviewerUITests.xctest */ = {isa = PBXFileReference; explicitFileType = wrapper.cfbundle; includeInIndex = 0; path = "Border radius PreviewerUITests.xctest"; sourceTree = BUILT_PRODUCTS_DIR; };
		43B48360264BB2E600BA0533 /* Border_radius_PreviewerUITests.swift */ = {isa = PBXFileReference; lastKnownFileType = sourcecode.swift; path = Border_radius_PreviewerUITests.swift; sourceTree = "<group>"; };
		43B48362264BB2E600BA0533 /* Info.plist */ = {isa = PBXFileReference; lastKnownFileType = text.plist.xml; path = Info.plist; sourceTree = "<group>"; };
/* End PBXFileReference section */

/* Begin PBXFrameworksBuildPhase section */
		43B48338264BB2E300BA0533 /* Frameworks */ = {
			isa = PBXFrameworksBuildPhase;
			buildActionMask = 2147483647;
			files = (
			);
			runOnlyForDeploymentPostprocessing = 0;
		};
		43B4834E264BB2E600BA0533 /* Frameworks */ = {
			isa = PBXFrameworksBuildPhase;
			buildActionMask = 2147483647;
			files = (
			);
			runOnlyForDeploymentPostprocessing = 0;
		};
		43B48359264BB2E600BA0533 /* Frameworks */ = {
			isa = PBXFrameworksBuildPhase;
			buildActionMask = 2147483647;
			files = (
			);
			runOnlyForDeploymentPostprocessing = 0;
		};
/* End PBXFrameworksBuildPhase section */

/* Begin PBXGroup section */
		43B48332264BB2E300BA0533 = {
			isa = PBXGroup;
			children = (
				43B4833D264BB2E300BA0533 /* Border radius Previewer */,
				43B48354264BB2E600BA0533 /* Border radius PreviewerTests */,
				43B4835F264BB2E600BA0533 /* Border radius PreviewerUITests */,
				43B4833C264BB2E300BA0533 /* Products */,
			);
			sourceTree = "<group>";
		};
		43B4833C264BB2E300BA0533 /* Products */ = {
			isa = PBXGroup;
			children = (
				43B4833B264BB2E300BA0533 /* Border radius Previewer.app */,
				43B48351264BB2E600BA0533 /* Border radius PreviewerTests.xctest */,
				43B4835C264BB2E600BA0533 /* Border radius PreviewerUITests.xctest */,
			);
			name = Products;
			sourceTree = "<group>";
		};
		43B4833D264BB2E300BA0533 /* Border radius Previewer */ = {
			isa = PBXGroup;
			children = (
				43B4833E264BB2E300BA0533 /* AppDelegate.swift */,
				43B48340264BB2E300BA0533 /* SceneDelegate.swift */,
				43B48342264BB2E300BA0533 /* ViewController.swift */,
				43B48344264BB2E300BA0533 /* Main.storyboard */,
				43B48347264BB2E600BA0533 /* Assets.xcassets */,
				43B48349264BB2E600BA0533 /* LaunchScreen.storyboard */,
				43B4834C264BB2E600BA0533 /* Info.plist */,
			);
			path = "Border radius Previewer";
			sourceTree = "<group>";
		};
		43B48354264BB2E600BA0533 /* Border radius PreviewerTests */ = {
			isa = PBXGroup;
			children = (
				43B48355264BB2E600BA0533 /* Border_radius_PreviewerTests.swift */,
				43B48357264BB2E600BA0533 /* Info.plist */,
			);
			path = "Border radius PreviewerTests";
			sourceTree = "<group>";
		};
		43B4835F264BB2E600BA0533 /* Border radius PreviewerUITests */ = {
			isa = PBXGroup;
			children = (
				43B48360264BB2E600BA0533 /* Border_radius_PreviewerUITests.swift */,
				43B48362264BB2E600BA0533 /* Info.plist */,
			);
			path = "Border radius PreviewerUITests";
			sourceTree = "<group>";
		};
/* End PBXGroup section */

/* Begin PBXNativeTarget section */
		43B4833A264BB2E300BA0533 /* Border radius Previewer */ = {
			isa = PBXNativeTarget;
			buildConfigurationList = 43B48365264BB2E600BA0533 /* Build configuration list for PBXNativeTarget "Border radius Previewer" */;
			buildPhases = (
				43B48337264BB2E300BA0533 /* Sources */,
				43B48338264BB2E300BA0533 /* Frameworks */,
				43B48339264BB2E300BA0533 /* Resources */,
			);
			buildRules = (
			);
			dependencies = (
			);
			name = "Border radius Previewer";
			productName = "Border radius Previewer";
			productReference = 43B4833B264BB2E300BA0533 /* Border radius Previewer.app */;
			productType = "com.apple.product-type.application";
		};
		43B48350264BB2E600BA0533 /* Border radius PreviewerTests */ = {
			isa = PBXNativeTarget;
			buildConfigurationList = 43B48368264BB2E600BA0533 /* Build configuration list for PBXNativeTarget "Border radius PreviewerTests" */;
			buildPhases = (
				43B4834D264BB2E600BA0533 /* Sources */,
				43B4834E264BB2E600BA0533 /* Frameworks */,
				43B4834F264BB2E600BA0533 /* Resources */,
			);
			buildRules = (
			);
			dependencies = (
				43B48353264BB2E600BA0533 /* PBXTargetDependency */,
			);
			name = "Border radius PreviewerTests";
			productName = "Border radius PreviewerTests";
			productReference = 43B48351264BB2E600BA0533 /* Border radius PreviewerTests.xctest */;
			productType = "com.apple.product-type.bundle.unit-test";
		};
		43B4835B264BB2E600BA0533 /* Border radius PreviewerUITests */ = {
			isa = PBXNativeTarget;
			buildConfigurationList = 43B4836B264BB2E600BA0533 /* Build configuration list for PBXNativeTarget "Border radius PreviewerUITests" */;
			buildPhases = (
				43B48358264BB2E600BA0533 /* Sources */,
				43B48359264BB2E600BA0533 /* Frameworks */,
				43B4835A264BB2E600BA0533 /* Resources */,
			);
			buildRules = (
			);
			dependencies = (
				43B4835E264BB2E600BA0533 /* PBXTargetDependency */,
			);
			name = "Border radius PreviewerUITests";
			productName = "Border radius PreviewerUITests";
			productReference = 43B4835C264BB2E600BA0533 /* Border radius PreviewerUITests.xctest */;
			productType = "com.apple.product-type.bundle.ui-testing";
		};
/* End PBXNativeTarget section */

/* Begin PBXProject section */
		43B48333264BB2E300BA0533 /* Project object */ = {
			isa = PBXProject;
			attributes = {
				LastSwiftUpdateCheck = 1250;
				LastUpgradeCheck = 1250;
				TargetAttributes = {
					43B4833A264BB2E300BA0533 = {
						CreatedOnToolsVersion = 12.5;
					};
					43B48350264BB2E600BA0533 = {
						CreatedOnToolsVersion = 12.5;
						TestTargetID = 43B4833A264BB2E300BA0533;
					};
					43B4835B264BB2E600BA0533 = {
						CreatedOnToolsVersion = 12.5;
						TestTargetID = 43B4833A264BB2E300BA0533;
					};
				};
			};
			buildConfigurationList = 43B48336264BB2E300BA0533 /* Build configuration list for PBXProject "Border radius Previewer" */;
			compatibilityVersion = "Xcode 9.3";
			developmentRegion = en;
			hasScannedForEncodings = 0;
			knownRegions = (
				en,
				Base,
			);
			mainGroup = 43B48332264BB2E300BA0533;
			productRefGroup = 43B4833C264BB2E300BA0533 /* Products */;
			projectDirPath = "";
			projectRoot = "";
			targets = (
				43B4833A264BB2E300BA0533 /* Border radius Previewer */,
				43B48350264BB2E600BA0533 /* Border radius PreviewerTests */,
				43B4835B264BB2E600BA0533 /* Border radius PreviewerUITests */,
			);
		};
/* End PBXProject section */

/* Begin PBXResourcesBuildPhase section */
		43B48339264BB2E300BA0533 /* Resources */ = {
			isa = PBXResourcesBuildPhase;
			buildActionMask = 2147483647;
			files = (
				43B4834B264BB2E600BA0533 /* LaunchScreen.storyboard in Resources */,
				43B48348264BB2E600BA0533 /* Assets.xcassets in Resources */,
				43B48346264BB2E300BA0533 /* Main.storyboard in Resources */,
			);
			runOnlyForDeploymentPostprocessing = 0;
		};
		43B4834F264BB2E600BA0533 /* Resources */ = {
			isa = PBXResourcesBuildPhase;
			buildActionMask = 2147483647;
			files = (
			);
			runOnlyForDeploymentPostprocessing = 0;
		};
		43B4835A264BB2E600BA0533 /* Resources */ = {
			isa = PBXResourcesBuildPhase;
			buildActionMask = 2147483647;
			files = (
			);
			runOnlyForDeploymentPostprocessing = 0;
		};
/* End PBXResourcesBuildPhase section */

/* Begin PBXSourcesBuildPhase section */
		43B48337264BB2E300BA0533 /* Sources */ = {
			isa = PBXSourcesBuildPhase;
			buildActionMask = 2147483647;
			files = (
				43B48343264BB2E300BA0533 /* ViewController.swift in Sources */,
				43B4833F264BB2E300BA0533 /* AppDelegate.swift in Sources */,
				43B48341264BB2E300BA0533 /* SceneDelegate.swift in Sources */,
			);
			runOnlyForDeploymentPostprocessing = 0;
		};
		43B4834D264BB2E600BA0533 /* Sources */ = {
			isa = PBXSourcesBuildPhase;
			buildActionMask = 2147483647;
			files = (
				43B48356264BB2E600BA0533 /* Border_radius_PreviewerTests.swift in Sources */,
			);
			runOnlyForDeploymentPostprocessing = 0;
		};
		43B48358264BB2E600BA0533 /* Sources */ = {
			isa = PBXSourcesBuildPhase;
			buildActionMask = 2147483647;
			files = (
				43B48361264BB2E600BA0533 /* Border_radius_PreviewerUITests.swift in Sources */,
			);
			runOnlyForDeploymentPostprocessing = 0;
		};
/* End PBXSourcesBuildPhase section */

/* Begin PBXTargetDependency section */
		43B48353264BB2E600BA0533 /* PBXTargetDependency */ = {
			isa = PBXTargetDependency;
			target = 43B4833A264BB2E300BA0533 /* Border radius Previewer */;
			targetProxy = 43B48352264BB2E600BA0533 /* PBXContainerItemProxy */;
		};
		43B4835E264BB2E600BA0533 /* PBXTargetDependency */ = {
			isa = PBXTargetDependency;
			target = 43B4833A264BB2E300BA0533 /* Border radius Previewer */;
			targetProxy = 43B4835D264BB2E600BA0533 /* PBXContainerItemProxy */;
		};
/* End PBXTargetDependency section */

/* Begin PBXVariantGroup section */
		43B48344264BB2E300BA0533 /* Main.storyboard */ = {
			isa = PBXVariantGroup;
			children = (
				43B48345264BB2E300BA0533 /* Base */,
			);
			name = Main.storyboard;
			sourceTree = "<group>";
		};
		43B48349264BB2E600BA0533 /* LaunchScreen.storyboard */ = {
			isa = PBXVariantGroup;
			children = (
				43B4834A264BB2E600BA0533 /* Base */,
			);
			name = LaunchScreen.storyboard;
			sourceTree = "<group>";
		};
/* End PBXVariantGroup section */

/* Begin XCBuildConfiguration section */
		43B48363264BB2E600BA0533 /* Debug */ = {
			isa = XCBuildConfiguration;
			buildSettings = {
				ALWAYS_SEARCH_USER_PATHS = NO;
				CLANG_ANALYZER_NONNULL = YES;
				CLANG_ANALYZER_NUMBER_OBJECT_CONVERSION = YES_AGGRESSIVE;
				CLANG_CXX_LANGUAGE_STANDARD = "gnu++14";
				CLANG_CXX_LIBRARY = "libc++";
				CLANG_ENABLE_MODULES = YES;
				CLANG_ENABLE_OBJC_ARC = YES;
				CLANG_ENABLE_OBJC_WEAK = YES;
				CLANG_WARN_BLOCK_CAPTURE_AUTORELEASING = YES;
				CLANG_WARN_BOOL_CONVERSION = YES;
				CLANG_WARN_COMMA = YES;
				CLANG_WARN_CONSTANT_CONVERSION = YES;
				CLANG_WARN_DEPRECATED_OBJC_IMPLEMENTATIONS = YES;
				CLANG_WARN_DIRECT_OBJC_ISA_USAGE = YES_ERROR;
				CLANG_WARN_DOCUMENTATION_COMMENTS = YES;
				CLANG_WARN_EMPTY_BODY = YES;
				CLANG_WARN_ENUM_CONVERSION = YES;
				CLANG_WARN_INFINITE_RECURSION = YES;
				CLANG_WARN_INT_CONVERSION = YES;
				CLANG_WARN_NON_LITERAL_NULL_CONVERSION = YES;
				CLANG_WARN_OBJC_IMPLICIT_RETAIN_SELF = YES;
				CLANG_WARN_OBJC_LITERAL_CONVERSION = YES;
				CLANG_WARN_OBJC_ROOT_CLASS = YES_ERROR;
				CLANG_WARN_QUOTED_INCLUDE_IN_FRAMEWORK_HEADER = YES;
				CLANG_WARN_RANGE_LOOP_ANALYSIS = YES;
				CLANG_WARN_STRICT_PROTOTYPES = YES;
				CLANG_WARN_SUSPICIOUS_MOVE = YES;
				CLANG_WARN_UNGUARDED_AVAILABILITY = YES_AGGRESSIVE;
				CLANG_WARN_UNREACHABLE_CODE = YES;
				CLANG_WARN__DUPLICATE_METHOD_MATCH = YES;
				COPY_PHASE_STRIP = NO;
				DEBUG_INFORMATION_FORMAT = dwarf;
				ENABLE_STRICT_OBJC_MSGSEND = YES;
				ENABLE_TESTABILITY = YES;
				GCC_C_LANGUAGE_STANDARD = gnu11;
				GCC_DYNAMIC_NO_PIC = NO;
				GCC_NO_COMMON_BLOCKS = YES;
				GCC_OPTIMIZATION_LEVEL = 0;
				GCC_PREPROCESSOR_DEFINITIONS = (
					"DEBUG=1",
					"$(inherited)",
				);
				GCC_WARN_64_TO_32_BIT_CONVERSION = YES;
				GCC_WARN_ABOUT_RETURN_TYPE = YES_ERROR;
				GCC_WARN_UNDECLARED_SELECTOR = YES;
				GCC_WARN_UNINITIALIZED_AUTOS = YES_AGGRESSIVE;
				GCC_WARN_UNUSED_FUNCTION = YES;
				GCC_WARN_UNUSED_VARIABLE = YES;
				IPHONEOS_DEPLOYMENT_TARGET = 14.5;
				MTL_ENABLE_DEBUG_INFO = INCLUDE_SOURCE;
				MTL_FAST_MATH = YES;
				ONLY_ACTIVE_ARCH = YES;
				SDKROOT = iphoneos;
				SWIFT_ACTIVE_COMPILATION_CONDITIONS = DEBUG;
				SWIFT_OPTIMIZATION_LEVEL = "-Onone";
			};
			name = Debug;
		};
		43B48364264BB2E600BA0533 /* Release */ = {
			isa = XCBuildConfiguration;
			buildSettings = {
				ALWAYS_SEARCH_USER_PATHS = NO;
				CLANG_ANALYZER_NONNULL = YES;
				CLANG_ANALYZER_NUMBER_OBJECT_CONVERSION = YES_AGGRESSIVE;
				CLANG_CXX_LANGUAGE_STANDARD = "gnu++14";
				CLANG_CXX_LIBRARY = "libc++";
				CLANG_ENABLE_MODULES = YES;
				CLANG_ENABLE_OBJC_ARC = YES;
				CLANG_ENABLE_OBJC_WEAK = YES;
				CLANG_WARN_BLOCK_CAPTURE_AUTORELEASING = YES;
				CLANG_WARN_BOOL_CONVERSION = YES;
				CLANG_WARN_COMMA = YES;
				CLANG_WARN_CONSTANT_CONVERSION = YES;
				CLANG_WARN_DEPRECATED_OBJC_IMPLEMENTATIONS = YES;
				CLANG_WARN_DIRECT_OBJC_ISA_USAGE = YES_ERROR;
				CLANG_WARN_DOCUMENTATION_COMMENTS = YES;
				CLANG_WARN_EMPTY_BODY = YES;
				CLANG_WARN_ENUM_CONVERSION = YES;
				CLANG_WARN_INFINITE_RECURSION = YES;
				CLANG_WARN_INT_CONVERSION = YES;
				CLANG_WARN_NON_LITERAL_NULL_CONVERSION = YES;
				CLANG_WARN_OBJC_IMPLICIT_RETAIN_SELF = YES;
				CLANG_WARN_OBJC_LITERAL_CONVERSION = YES;
				CLANG_WARN_OBJC_ROOT_CLASS = YES_ERROR;
				CLANG_WARN_QUOTED_INCLUDE_IN_FRAMEWORK_HEADER = YES;
				CLANG_WARN_RANGE_LOOP_ANALYSIS = YES;
				CLANG_WARN_STRICT_PROTOTYPES = YES;
				CLANG_WARN_SUSPICIOUS_MOVE = YES;
				CLANG_WARN_UNGUARDED_AVAILABILITY = YES_AGGRESSIVE;
				CLANG_WARN_UNREACHABLE_CODE = YES;
				CLANG_WARN__DUPLICATE_METHOD_MATCH = YES;
				COPY_PHASE_STRIP = NO;
				DEBUG_INFORMATION_FORMAT = "dwarf-with-dsym";
				ENABLE_NS_ASSERTIONS = NO;
				ENABLE_STRICT_OBJC_MSGSEND = YES;
				GCC_C_LANGUAGE_STANDARD = gnu11;
				GCC_NO_COMMON_BLOCKS = YES;
				GCC_WARN_64_TO_32_BIT_CONVERSION = YES;
				GCC_WARN_ABOUT_RETURN_TYPE = YES_ERROR;
				GCC_WARN_UNDECLARED_SELECTOR = YES;
				GCC_WARN_UNINITIALIZED_AUTOS = YES_AGGRESSIVE;
				GCC_WARN_UNUSED_FUNCTION = YES;
				GCC_WARN_UNUSED_VARIABLE = YES;
				IPHONEOS_DEPLOYMENT_TARGET = 14.5;
				MTL_ENABLE_DEBUG_INFO = NO;
				MTL_FAST_MATH = YES;
				SDKROOT = iphoneos;
				SWIFT_COMPILATION_MODE = wholemodule;
				SWIFT_OPTIMIZATION_LEVEL = "-O";
				VALIDATE_PRODUCT = YES;
			};
			name = Release;
		};
		43B48366264BB2E600BA0533 /* Debug */ = {
			isa = XCBuildConfiguration;
			buildSettings = {
				ASSETCATALOG_COMPILER_APPICON_NAME = AppIcon;
				ASSETCATALOG_COMPILER_GLOBAL_ACCENT_COLOR_NAME = AccentColor;
				CODE_SIGN_STYLE = Automatic;
				INFOPLIST_FILE = "Border radius Previewer/Info.plist";
				LD_RUNPATH_SEARCH_PATHS = (
					"$(inherited)",
					"@executable_path/Frameworks",
				);
				PRODUCT_BUNDLE_IDENTIFIER = "kch.Border-radius-Previewer";
				PRODUCT_NAME = "$(TARGET_NAME)";
				SWIFT_VERSION = 5.0;
				TARGETED_DEVICE_FAMILY = "1,2";
			};
			name = Debug;
		};
		43B48367264BB2E600BA0533 /* Release */ = {
			isa = XCBuildConfiguration;
			buildSettings = {
				ASSETCATALOG_COMPILER_APPICON_NAME = AppIcon;
				ASSETCATALOG_COMPILER_GLOBAL_ACCENT_COLOR_NAME = AccentColor;
				CODE_SIGN_STYLE = Automatic;
				INFOPLIST_FILE = "Border radius Previewer/Info.plist";
				LD_RUNPATH_SEARCH_PATHS = (
					"$(inherited)",
					"@executable_path/Frameworks",
				);
				PRODUCT_BUNDLE_IDENTIFIER = "kch.Border-radius-Previewer";
				PRODUCT_NAME = "$(TARGET_NAME)";
				SWIFT_VERSION = 5.0;
				TARGETED_DEVICE_FAMILY = "1,2";
			};
			name = Release;
		};
		43B48369264BB2E600BA0533 /* Debug */ = {
			isa = XCBuildConfiguration;
			buildSettings = {
				ALWAYS_EMBED_SWIFT_STANDARD_LIBRARIES = YES;
				BUNDLE_LOADER = "$(TEST_HOST)";
				CODE_SIGN_STYLE = Automatic;
				INFOPLIST_FILE = "Border radius PreviewerTests/Info.plist";
				IPHONEOS_DEPLOYMENT_TARGET = 14.5;
				LD_RUNPATH_SEARCH_PATHS = (
					"$(inherited)",
					"@executable_path/Frameworks",
					"@loader_path/Frameworks",
				);
				PRODUCT_BUNDLE_IDENTIFIER = "kch.Border-radius-PreviewerTests";
				PRODUCT_NAME = "$(TARGET_NAME)";
				SWIFT_VERSION = 5.0;
				TARGETED_DEVICE_FAMILY = "1,2";
				TEST_HOST = "$(BUILT_PRODUCTS_DIR)/Border radius Previewer.app/Border radius Previewer";
			};
			name = Debug;
		};
		43B4836A264BB2E600BA0533 /* Release */ = {
			isa = XCBuildConfiguration;
			buildSettings = {
				ALWAYS_EMBED_SWIFT_STANDARD_LIBRARIES = YES;
				BUNDLE_LOADER = "$(TEST_HOST)";
				CODE_SIGN_STYLE = Automatic;
				INFOPLIST_FILE = "Border radius PreviewerTests/Info.plist";
				IPHONEOS_DEPLOYMENT_TARGET = 14.5;
				LD_RUNPATH_SEARCH_PATHS = (
					"$(inherited)",
					"@executable_path/Frameworks",
					"@loader_path/Frameworks",
				);
				PRODUCT_BUNDLE_IDENTIFIER = "kch.Border-radius-PreviewerTests";
				PRODUCT_NAME = "$(TARGET_NAME)";
				SWIFT_VERSION = 5.0;
				TARGETED_DEVICE_FAMILY = "1,2";
				TEST_HOST = "$(BUILT_PRODUCTS_DIR)/Border radius Previewer.app/Border radius Previewer";
			};
			name = Release;
		};
		43B4836C264BB2E600BA0533 /* Debug */ = {
			isa = XCBuildConfiguration;
			buildSettings = {
				ALWAYS_EMBED_SWIFT_STANDARD_LIBRARIES = YES;
				CODE_SIGN_STYLE = Automatic;
				INFOPLIST_FILE = "Border radius PreviewerUITests/Info.plist";
				LD_RUNPATH_SEARCH_PATHS = (
					"$(inherited)",
					"@executable_path/Frameworks",
					"@loader_path/Frameworks",
				);
				PRODUCT_BUNDLE_IDENTIFIER = "kch.Border-radius-PreviewerUITests";
				PRODUCT_NAME = "$(TARGET_NAME)";
				SWIFT_VERSION = 5.0;
				TARGETED_DEVICE_FAMILY = "1,2";
				TEST_TARGET_NAME = "Border radius Previewer";
			};
			name = Debug;
		};
		43B4836D264BB2E600BA0533 /* Release */ = {
			isa = XCBuildConfiguration;
			buildSettings = {
				ALWAYS_EMBED_SWIFT_STANDARD_LIBRARIES = YES;
				CODE_SIGN_STYLE = Automatic;
				INFOPLIST_FILE = "Border radius PreviewerUITests/Info.plist";
				LD_RUNPATH_SEARCH_PATHS = (
					"$(inherited)",
					"@executable_path/Frameworks",
					"@loader_path/Frameworks",
				);
				PRODUCT_BUNDLE_IDENTIFIER = "kch.Border-radius-PreviewerUITests";
				PRODUCT_NAME = "$(TARGET_NAME)";
				SWIFT_VERSION = 5.0;
				TARGETED_DEVICE_FAMILY = "1,2";
				TEST_TARGET_NAME = "Border radius Previewer";
			};
			name = Release;
		};
/* End XCBuildConfiguration section */

/* Begin XCConfigurationList section */
		43B48336264BB2E300BA0533 /* Build configuration list for PBXProject "Border radius Previewer" */ = {
			isa = XCConfigurationList;
			buildConfigurations = (
				43B48363264BB2E600BA0533 /* Debug */,
				43B48364264BB2E600BA0533 /* Release */,
			);
			defaultConfigurationIsVisible = 0;
			defaultConfigurationName = Release;
		};
		43B48365264BB2E600BA0533 /* Build configuration list for PBXNativeTarget "Border radius Previewer" */ = {
			isa = XCConfigurationList;
			buildConfigurations = (
				43B48366264BB2E600BA0533 /* Debug */,
				43B48367264BB2E600BA0533 /* Release */,
			);
			defaultConfigurationIsVisible = 0;
			defaultConfigurationName = Release;
		};
		43B48368264BB2E600BA0533 /* Build configuration list for PBXNativeTarget "Border radius PreviewerTests" */ = {
			isa = XCConfigurationList;
			buildConfigurations = (
				43B48369264BB2E600BA0533 /* Debug */,
				43B4836A264BB2E600BA0533 /* Release */,
			);
			defaultConfigurationIsVisible = 0;
			defaultConfigurationName = Release;
		};
		43B4836B264BB2E600BA0533 /* Build configuration list for PBXNativeTarget "Border radius PreviewerUITests" */ = {
			isa = XCConfigurationList;
			buildConfigurations = (
				43B4836C264BB2E600BA0533 /* Debug */,
				43B4836D264BB2E600BA0533 /* Release */,
			);
			defaultConfigurationIsVisible = 0;
			defaultConfigurationName = Release;
		};
/* End XCConfigurationList section */
	};
	rootObject = 43B48333264BB2E300BA0533 /* Project object */;
}
