// !$*UTF8*$!
{
	archiveVersion = 1;
	classes = {
	};
	objectVersion = 54;
	objects = {

/* Begin PBXBuildFile section */
		43A8FBC6274A770700FE3DE8 /* AppDelegate.swift in Sources */ = {isa = PBXBuildFile; fileRef = 43A8FBC5274A770700FE3DE8 /* AppDelegate.swift */; };
		43A8FBC8274A770700FE3DE8 /* SceneDelegate.swift in Sources */ = {isa = PBXBuildFile; fileRef = 43A8FBC7274A770700FE3DE8 /* SceneDelegate.swift */; };
		43A8FBCA274A770700FE3DE8 /* CalculateViewController.swift in Sources */ = {isa = PBXBuildFile; fileRef = 43A8FBC9274A770700FE3DE8 /* CalculateViewController.swift */; };
		43A8FBCD274A770700FE3DE8 /* Main.storyboard in Resources */ = {isa = PBXBuildFile; fileRef = 43A8FBCB274A770700FE3DE8 /* Main.storyboard */; };
		43A8FBCF274A770900FE3DE8 /* Assets.xcassets in Resources */ = {isa = PBXBuildFile; fileRef = 43A8FBCE274A770900FE3DE8 /* Assets.xcassets */; };
		43A8FBD2274A770900FE3DE8 /* LaunchScreen.storyboard in Resources */ = {isa = PBXBuildFile; fileRef = 43A8FBD0274A770900FE3DE8 /* LaunchScreen.storyboard */; };
		43A8FBDD274A785500FE3DE8 /* CalculateView.swift in Sources */ = {isa = PBXBuildFile; fileRef = 43A8FBDC274A785500FE3DE8 /* CalculateView.swift */; };
		43A8FBDF274A83C000FE3DE8 /* ResultViewController.swift in Sources */ = {isa = PBXBuildFile; fileRef = 43A8FBDE274A83C000FE3DE8 /* ResultViewController.swift */; };
		43A8FBE1274A83D800FE3DE8 /* ResultView.swift in Sources */ = {isa = PBXBuildFile; fileRef = 43A8FBE0274A83D800FE3DE8 /* ResultView.swift */; };
		E9D4410244D7A042FCC273E3 /* Pods_Tipsy.framework in Frameworks */ = {isa = PBXBuildFile; fileRef = D8301626B19F7BFDCFE13904 /* Pods_Tipsy.framework */; };
/* End PBXBuildFile section */

/* Begin PBXFileReference section */
		43A8FBC2274A770700FE3DE8 /* Tipsy.app */ = {isa = PBXFileReference; explicitFileType = wrapper.application; includeInIndex = 0; path = Tipsy.app; sourceTree = BUILT_PRODUCTS_DIR; };
		43A8FBC5274A770700FE3DE8 /* AppDelegate.swift */ = {isa = PBXFileReference; lastKnownFileType = sourcecode.swift; path = AppDelegate.swift; sourceTree = "<group>"; };
		43A8FBC7274A770700FE3DE8 /* SceneDelegate.swift */ = {isa = PBXFileReference; lastKnownFileType = sourcecode.swift; path = SceneDelegate.swift; sourceTree = "<group>"; };
		43A8FBC9274A770700FE3DE8 /* CalculateViewController.swift */ = {isa = PBXFileReference; lastKnownFileType = sourcecode.swift; path = CalculateViewController.swift; sourceTree = "<group>"; };
		43A8FBCC274A770700FE3DE8 /* Base */ = {isa = PBXFileReference; lastKnownFileType = file.storyboard; name = Base; path = Base.lproj/Main.storyboard; sourceTree = "<group>"; };
		43A8FBCE274A770900FE3DE8 /* Assets.xcassets */ = {isa = PBXFileReference; lastKnownFileType = folder.assetcatalog; path = Assets.xcassets; sourceTree = "<group>"; };
		43A8FBD1274A770900FE3DE8 /* Base */ = {isa = PBXFileReference; lastKnownFileType = file.storyboard; name = Base; path = Base.lproj/LaunchScreen.storyboard; sourceTree = "<group>"; };
		43A8FBD3274A770900FE3DE8 /* Info.plist */ = {isa = PBXFileReference; lastKnownFileType = text.plist.xml; path = Info.plist; sourceTree = "<group>"; };
		43A8FBDC274A785500FE3DE8 /* CalculateView.swift */ = {isa = PBXFileReference; lastKnownFileType = sourcecode.swift; path = CalculateView.swift; sourceTree = "<group>"; };
		43A8FBDE274A83C000FE3DE8 /* ResultViewController.swift */ = {isa = PBXFileReference; lastKnownFileType = sourcecode.swift; path = ResultViewController.swift; sourceTree = "<group>"; };
		43A8FBE0274A83D800FE3DE8 /* ResultView.swift */ = {isa = PBXFileReference; lastKnownFileType = sourcecode.swift; path = ResultView.swift; sourceTree = "<group>"; };
		837D21BFA80B7E78C17E9D42 /* Pods-Tipsy.release.xcconfig */ = {isa = PBXFileReference; includeInIndex = 1; lastKnownFileType = text.xcconfig; name = "Pods-Tipsy.release.xcconfig"; path = "Target Support Files/Pods-Tipsy/Pods-Tipsy.release.xcconfig"; sourceTree = "<group>"; };
		938259DC40F11CCFF5CE5DE5 /* Pods-Tipsy.debug.xcconfig */ = {isa = PBXFileReference; includeInIndex = 1; lastKnownFileType = text.xcconfig; name = "Pods-Tipsy.debug.xcconfig"; path = "Target Support Files/Pods-Tipsy/Pods-Tipsy.debug.xcconfig"; sourceTree = "<group>"; };
		D8301626B19F7BFDCFE13904 /* Pods_Tipsy.framework */ = {isa = PBXFileReference; explicitFileType = wrapper.framework; includeInIndex = 0; path = Pods_Tipsy.framework; sourceTree = BUILT_PRODUCTS_DIR; };
/* End PBXFileReference section */

/* Begin PBXFrameworksBuildPhase section */
		43A8FBBF274A770700FE3DE8 /* Frameworks */ = {
			isa = PBXFrameworksBuildPhase;
			buildActionMask = 2147483647;
			files = (
				E9D4410244D7A042FCC273E3 /* Pods_Tipsy.framework in Frameworks */,
			);
			runOnlyForDeploymentPostprocessing = 0;
		};
/* End PBXFrameworksBuildPhase section */

/* Begin PBXGroup section */
		040AD9E819128F328589C9AC /* Pods */ = {
			isa = PBXGroup;
			children = (
				938259DC40F11CCFF5CE5DE5 /* Pods-Tipsy.debug.xcconfig */,
				837D21BFA80B7E78C17E9D42 /* Pods-Tipsy.release.xcconfig */,
			);
			path = Pods;
			sourceTree = "<group>";
		};
		1352D77B042E0717182AB345 /* Frameworks */ = {
			isa = PBXGroup;
			children = (
				D8301626B19F7BFDCFE13904 /* Pods_Tipsy.framework */,
			);
			name = Frameworks;
			sourceTree = "<group>";
		};
		43A8FBB9274A770700FE3DE8 = {
			isa = PBXGroup;
			children = (
				43A8FBC4274A770700FE3DE8 /* Tipsy */,
				43A8FBC3274A770700FE3DE8 /* Products */,
				040AD9E819128F328589C9AC /* Pods */,
				1352D77B042E0717182AB345 /* Frameworks */,
			);
			sourceTree = "<group>";
		};
		43A8FBC3274A770700FE3DE8 /* Products */ = {
			isa = PBXGroup;
			children = (
				43A8FBC2274A770700FE3DE8 /* Tipsy.app */,
			);
			name = Products;
			sourceTree = "<group>";
		};
		43A8FBC4274A770700FE3DE8 /* Tipsy */ = {
			isa = PBXGroup;
			children = (
				43A8FBDB274A783C00FE3DE8 /* Model */,
				43A8FBDA274A783800FE3DE8 /* View */,
				43A8FBD9274A782900FE3DE8 /* Controller */,
				43A8FBC5274A770700FE3DE8 /* AppDelegate.swift */,
				43A8FBC7274A770700FE3DE8 /* SceneDelegate.swift */,
				43A8FBCE274A770900FE3DE8 /* Assets.xcassets */,
				43A8FBD0274A770900FE3DE8 /* LaunchScreen.storyboard */,
				43A8FBD3274A770900FE3DE8 /* Info.plist */,
			);
			path = Tipsy;
			sourceTree = "<group>";
		};
		43A8FBD9274A782900FE3DE8 /* Controller */ = {
			isa = PBXGroup;
			children = (
				43A8FBC9274A770700FE3DE8 /* CalculateViewController.swift */,
				43A8FBDE274A83C000FE3DE8 /* ResultViewController.swift */,
			);
			path = Controller;
			sourceTree = "<group>";
		};
		43A8FBDA274A783800FE3DE8 /* View */ = {
			isa = PBXGroup;
			children = (
				43A8FBDC274A785500FE3DE8 /* CalculateView.swift */,
				43A8FBE0274A83D800FE3DE8 /* ResultView.swift */,
				43A8FBCB274A770700FE3DE8 /* Main.storyboard */,
			);
			path = View;
			sourceTree = "<group>";
		};
		43A8FBDB274A783C00FE3DE8 /* Model */ = {
			isa = PBXGroup;
			children = (
			);
			path = Model;
			sourceTree = "<group>";
		};
/* End PBXGroup section */

/* Begin PBXNativeTarget section */
		43A8FBC1274A770700FE3DE8 /* Tipsy */ = {
			isa = PBXNativeTarget;
			buildConfigurationList = 43A8FBD6274A770900FE3DE8 /* Build configuration list for PBXNativeTarget "Tipsy" */;
			buildPhases = (
				19E92E2FF85F1EAC9B438DA8 /* [CP] Check Pods Manifest.lock */,
				43A8FBBE274A770700FE3DE8 /* Sources */,
				43A8FBBF274A770700FE3DE8 /* Frameworks */,
				43A8FBC0274A770700FE3DE8 /* Resources */,
				9D81C7B36CD4A999F52A6796 /* [CP] Embed Pods Frameworks */,
			);
			buildRules = (
			);
			dependencies = (
			);
			name = Tipsy;
			productName = Tipsy;
			productReference = 43A8FBC2274A770700FE3DE8 /* Tipsy.app */;
			productType = "com.apple.product-type.application";
		};
/* End PBXNativeTarget section */

/* Begin PBXProject section */
		43A8FBBA274A770700FE3DE8 /* Project object */ = {
			isa = PBXProject;
			attributes = {
				BuildIndependentTargetsInParallel = 1;
				LastSwiftUpdateCheck = 1310;
				LastUpgradeCheck = 1310;
				TargetAttributes = {
					43A8FBC1274A770700FE3DE8 = {
						CreatedOnToolsVersion = 13.1;
					};
				};
			};
			buildConfigurationList = 43A8FBBD274A770700FE3DE8 /* Build configuration list for PBXProject "Tipsy" */;
			compatibilityVersion = "Xcode 12.0";
			developmentRegion = en;
			hasScannedForEncodings = 0;
			knownRegions = (
				en,
				Base,
			);
			mainGroup = 43A8FBB9274A770700FE3DE8;
			productRefGroup = 43A8FBC3274A770700FE3DE8 /* Products */;
			projectDirPath = "";
			projectRoot = "";
			targets = (
				43A8FBC1274A770700FE3DE8 /* Tipsy */,
			);
		};
/* End PBXProject section */

/* Begin PBXResourcesBuildPhase section */
		43A8FBC0274A770700FE3DE8 /* Resources */ = {
			isa = PBXResourcesBuildPhase;
			buildActionMask = 2147483647;
			files = (
				43A8FBD2274A770900FE3DE8 /* LaunchScreen.storyboard in Resources */,
				43A8FBCF274A770900FE3DE8 /* Assets.xcassets in Resources */,
				43A8FBCD274A770700FE3DE8 /* Main.storyboard in Resources */,
			);
			runOnlyForDeploymentPostprocessing = 0;
		};
/* End PBXResourcesBuildPhase section */

/* Begin PBXShellScriptBuildPhase section */
		19E92E2FF85F1EAC9B438DA8 /* [CP] Check Pods Manifest.lock */ = {
			isa = PBXShellScriptBuildPhase;
			buildActionMask = 2147483647;
			files = (
			);
			inputFileListPaths = (
			);
			inputPaths = (
				"${PODS_PODFILE_DIR_PATH}/Podfile.lock",
				"${PODS_ROOT}/Manifest.lock",
			);
			name = "[CP] Check Pods Manifest.lock";
			outputFileListPaths = (
			);
			outputPaths = (
				"$(DERIVED_FILE_DIR)/Pods-Tipsy-checkManifestLockResult.txt",
			);
			runOnlyForDeploymentPostprocessing = 0;
			shellPath = /bin/sh;
			shellScript = "diff \"${PODS_PODFILE_DIR_PATH}/Podfile.lock\" \"${PODS_ROOT}/Manifest.lock\" > /dev/null\nif [ $? != 0 ] ; then\n    # print error to STDERR\n    echo \"error: The sandbox is not in sync with the Podfile.lock. Run 'pod install' or update your CocoaPods installation.\" >&2\n    exit 1\nfi\n# This output is used by Xcode 'outputs' to avoid re-running this script phase.\necho \"SUCCESS\" > \"${SCRIPT_OUTPUT_FILE_0}\"\n";
			showEnvVarsInLog = 0;
		};
		9D81C7B36CD4A999F52A6796 /* [CP] Embed Pods Frameworks */ = {
			isa = PBXShellScriptBuildPhase;
			buildActionMask = 2147483647;
			files = (
			);
			inputFileListPaths = (
				"${PODS_ROOT}/Target Support Files/Pods-Tipsy/Pods-Tipsy-frameworks-${CONFIGURATION}-input-files.xcfilelist",
			);
			name = "[CP] Embed Pods Frameworks";
			outputFileListPaths = (
				"${PODS_ROOT}/Target Support Files/Pods-Tipsy/Pods-Tipsy-frameworks-${CONFIGURATION}-output-files.xcfilelist",
			);
			runOnlyForDeploymentPostprocessing = 0;
			shellPath = /bin/sh;
			shellScript = "\"${PODS_ROOT}/Target Support Files/Pods-Tipsy/Pods-Tipsy-frameworks.sh\"\n";
			showEnvVarsInLog = 0;
		};
/* End PBXShellScriptBuildPhase section */

/* Begin PBXSourcesBuildPhase section */
		43A8FBBE274A770700FE3DE8 /* Sources */ = {
			isa = PBXSourcesBuildPhase;
			buildActionMask = 2147483647;
			files = (
				43A8FBDF274A83C000FE3DE8 /* ResultViewController.swift in Sources */,
				43A8FBCA274A770700FE3DE8 /* CalculateViewController.swift in Sources */,
				43A8FBC6274A770700FE3DE8 /* AppDelegate.swift in Sources */,
				43A8FBC8274A770700FE3DE8 /* SceneDelegate.swift in Sources */,
				43A8FBDD274A785500FE3DE8 /* CalculateView.swift in Sources */,
				43A8FBE1274A83D800FE3DE8 /* ResultView.swift in Sources */,
			);
			runOnlyForDeploymentPostprocessing = 0;
		};
/* End PBXSourcesBuildPhase section */

/* Begin PBXVariantGroup section */
		43A8FBCB274A770700FE3DE8 /* Main.storyboard */ = {
			isa = PBXVariantGroup;
			children = (
				43A8FBCC274A770700FE3DE8 /* Base */,
			);
			name = Main.storyboard;
			sourceTree = "<group>";
		};
		43A8FBD0274A770900FE3DE8 /* LaunchScreen.storyboard */ = {
			isa = PBXVariantGroup;
			children = (
				43A8FBD1274A770900FE3DE8 /* Base */,
			);
			name = LaunchScreen.storyboard;
			sourceTree = "<group>";
		};
/* End PBXVariantGroup section */

/* Begin XCBuildConfiguration section */
		43A8FBD4274A770900FE3DE8 /* Debug */ = {
			isa = XCBuildConfiguration;
			buildSettings = {
				ALWAYS_SEARCH_USER_PATHS = NO;
				CLANG_ANALYZER_NONNULL = YES;
				CLANG_ANALYZER_NUMBER_OBJECT_CONVERSION = YES_AGGRESSIVE;
				CLANG_CXX_LANGUAGE_STANDARD = "gnu++17";
				CLANG_CXX_LIBRARY = "libc++";
				CLANG_ENABLE_MODULES = YES;
				CLANG_ENABLE_OBJC_ARC = YES;
				CLANG_ENABLE_OBJC_WEAK = YES;
				CLANG_WARN_BLOCK_CAPTURE_AUTORELEASING = YES;
				CLANG_WARN_BOOL_CONVERSION = YES;
				CLANG_WARN_COMMA = YES;
				CLANG_WARN_CONSTANT_CONVERSION = YES;
				CLANG_WARN_DEPRECATED_OBJC_IMPLEMENTATIONS = YES;
				CLANG_WARN_DIRECT_OBJC_ISA_USAGE = YES_ERROR;
				CLANG_WARN_DOCUMENTATION_COMMENTS = YES;
				CLANG_WARN_EMPTY_BODY = YES;
				CLANG_WARN_ENUM_CONVERSION = YES;
				CLANG_WARN_INFINITE_RECURSION = YES;
				CLANG_WARN_INT_CONVERSION = YES;
				CLANG_WARN_NON_LITERAL_NULL_CONVERSION = YES;
				CLANG_WARN_OBJC_IMPLICIT_RETAIN_SELF = YES;
				CLANG_WARN_OBJC_LITERAL_CONVERSION = YES;
				CLANG_WARN_OBJC_ROOT_CLASS = YES_ERROR;
				CLANG_WARN_QUOTED_INCLUDE_IN_FRAMEWORK_HEADER = YES;
				CLANG_WARN_RANGE_LOOP_ANALYSIS = YES;
				CLANG_WARN_STRICT_PROTOTYPES = YES;
				CLANG_WARN_SUSPICIOUS_MOVE = YES;
				CLANG_WARN_UNGUARDED_AVAILABILITY = YES_AGGRESSIVE;
				CLANG_WARN_UNREACHABLE_CODE = YES;
				CLANG_WARN__DUPLICATE_METHOD_MATCH = YES;
				COPY_PHASE_STRIP = NO;
				DEBUG_INFORMATION_FORMAT = dwarf;
				ENABLE_STRICT_OBJC_MSGSEND = YES;
				ENABLE_TESTABILITY = YES;
				GCC_C_LANGUAGE_STANDARD = gnu11;
				GCC_DYNAMIC_NO_PIC = NO;
				GCC_NO_COMMON_BLOCKS = YES;
				GCC_OPTIMIZATION_LEVEL = 0;
				GCC_PREPROCESSOR_DEFINITIONS = (
					"DEBUG=1",
					"$(inherited)",
				);
				GCC_WARN_64_TO_32_BIT_CONVERSION = YES;
				GCC_WARN_ABOUT_RETURN_TYPE = YES_ERROR;
				GCC_WARN_UNDECLARED_SELECTOR = YES;
				GCC_WARN_UNINITIALIZED_AUTOS = YES_AGGRESSIVE;
				GCC_WARN_UNUSED_FUNCTION = YES;
				GCC_WARN_UNUSED_VARIABLE = YES;
				IPHONEOS_DEPLOYMENT_TARGET = 15.0;
				MTL_ENABLE_DEBUG_INFO = INCLUDE_SOURCE;
				MTL_FAST_MATH = YES;
				ONLY_ACTIVE_ARCH = YES;
				SDKROOT = iphoneos;
				SWIFT_ACTIVE_COMPILATION_CONDITIONS = DEBUG;
				SWIFT_OPTIMIZATION_LEVEL = "-Onone";
			};
			name = Debug;
		};
		43A8FBD5274A770900FE3DE8 /* Release */ = {
			isa = XCBuildConfiguration;
			buildSettings = {
				ALWAYS_SEARCH_USER_PATHS = NO;
				CLANG_ANALYZER_NONNULL = YES;
				CLANG_ANALYZER_NUMBER_OBJECT_CONVERSION = YES_AGGRESSIVE;
				CLANG_CXX_LANGUAGE_STANDARD = "gnu++17";
				CLANG_CXX_LIBRARY = "libc++";
				CLANG_ENABLE_MODULES = YES;
				CLANG_ENABLE_OBJC_ARC = YES;
				CLANG_ENABLE_OBJC_WEAK = YES;
				CLANG_WARN_BLOCK_CAPTURE_AUTORELEASING = YES;
				CLANG_WARN_BOOL_CONVERSION = YES;
				CLANG_WARN_COMMA = YES;
				CLANG_WARN_CONSTANT_CONVERSION = YES;
				CLANG_WARN_DEPRECATED_OBJC_IMPLEMENTATIONS = YES;
				CLANG_WARN_DIRECT_OBJC_ISA_USAGE = YES_ERROR;
				CLANG_WARN_DOCUMENTATION_COMMENTS = YES;
				CLANG_WARN_EMPTY_BODY = YES;
				CLANG_WARN_ENUM_CONVERSION = YES;
				CLANG_WARN_INFINITE_RECURSION = YES;
				CLANG_WARN_INT_CONVERSION = YES;
				CLANG_WARN_NON_LITERAL_NULL_CONVERSION = YES;
				CLANG_WARN_OBJC_IMPLICIT_RETAIN_SELF = YES;
				CLANG_WARN_OBJC_LITERAL_CONVERSION = YES;
				CLANG_WARN_OBJC_ROOT_CLASS = YES_ERROR;
				CLANG_WARN_QUOTED_INCLUDE_IN_FRAMEWORK_HEADER = YES;
				CLANG_WARN_RANGE_LOOP_ANALYSIS = YES;
				CLANG_WARN_STRICT_PROTOTYPES = YES;
				CLANG_WARN_SUSPICIOUS_MOVE = YES;
				CLANG_WARN_UNGUARDED_AVAILABILITY = YES_AGGRESSIVE;
				CLANG_WARN_UNREACHABLE_CODE = YES;
				CLANG_WARN__DUPLICATE_METHOD_MATCH = YES;
				COPY_PHASE_STRIP = NO;
				DEBUG_INFORMATION_FORMAT = "dwarf-with-dsym";
				ENABLE_NS_ASSERTIONS = NO;
				ENABLE_STRICT_OBJC_MSGSEND = YES;
				GCC_C_LANGUAGE_STANDARD = gnu11;
				GCC_NO_COMMON_BLOCKS = YES;
				GCC_WARN_64_TO_32_BIT_CONVERSION = YES;
				GCC_WARN_ABOUT_RETURN_TYPE = YES_ERROR;
				GCC_WARN_UNDECLARED_SELECTOR = YES;
				GCC_WARN_UNINITIALIZED_AUTOS = YES_AGGRESSIVE;
				GCC_WARN_UNUSED_FUNCTION = YES;
				GCC_WARN_UNUSED_VARIABLE = YES;
				IPHONEOS_DEPLOYMENT_TARGET = 15.0;
				MTL_ENABLE_DEBUG_INFO = NO;
				MTL_FAST_MATH = YES;
				SDKROOT = iphoneos;
				SWIFT_COMPILATION_MODE = wholemodule;
				SWIFT_OPTIMIZATION_LEVEL = "-O";
				VALIDATE_PRODUCT = YES;
			};
			name = Release;
		};
		43A8FBD7274A770900FE3DE8 /* Debug */ = {
			isa = XCBuildConfiguration;
			baseConfigurationReference = 938259DC40F11CCFF5CE5DE5 /* Pods-Tipsy.debug.xcconfig */;
			buildSettings = {
				ASSETCATALOG_COMPILER_APPICON_NAME = AppIcon;
				ASSETCATALOG_COMPILER_GLOBAL_ACCENT_COLOR_NAME = AccentColor;
				CODE_SIGN_STYLE = Automatic;
				CURRENT_PROJECT_VERSION = 1;
				DEVELOPMENT_TEAM = 7ZW95Z6WF9;
				GENERATE_INFOPLIST_FILE = YES;
				INFOPLIST_FILE = Tipsy/Info.plist;
				INFOPLIST_KEY_UIApplicationSupportsIndirectInputEvents = YES;
				INFOPLIST_KEY_UILaunchStoryboardName = LaunchScreen;
				INFOPLIST_KEY_UIMainStoryboardFile = Main;
				INFOPLIST_KEY_UISupportedInterfaceOrientations_iPad = "UIInterfaceOrientationPortrait UIInterfaceOrientationPortraitUpsideDown UIInterfaceOrientationLandscapeLeft UIInterfaceOrientationLandscapeRight";
				INFOPLIST_KEY_UISupportedInterfaceOrientations_iPhone = "UIInterfaceOrientationPortrait UIInterfaceOrientationLandscapeLeft UIInterfaceOrientationLandscapeRight";
				LD_RUNPATH_SEARCH_PATHS = (
					"$(inherited)",
					"@executable_path/Frameworks",
				);
				MARKETING_VERSION = 1.0;
				PRODUCT_BUNDLE_IDENTIFIER = kch.Tipsy;
				PRODUCT_NAME = "$(TARGET_NAME)";
				SWIFT_EMIT_LOC_STRINGS = YES;
				SWIFT_VERSION = 5.0;
				TARGETED_DEVICE_FAMILY = "1,2";
			};
			name = Debug;
		};
		43A8FBD8274A770900FE3DE8 /* Release */ = {
			isa = XCBuildConfiguration;
			baseConfigurationReference = 837D21BFA80B7E78C17E9D42 /* Pods-Tipsy.release.xcconfig */;
			buildSettings = {
				ASSETCATALOG_COMPILER_APPICON_NAME = AppIcon;
				ASSETCATALOG_COMPILER_GLOBAL_ACCENT_COLOR_NAME = AccentColor;
				CODE_SIGN_STYLE = Automatic;
				CURRENT_PROJECT_VERSION = 1;
				DEVELOPMENT_TEAM = 7ZW95Z6WF9;
				GENERATE_INFOPLIST_FILE = YES;
				INFOPLIST_FILE = Tipsy/Info.plist;
				INFOPLIST_KEY_UIApplicationSupportsIndirectInputEvents = YES;
				INFOPLIST_KEY_UILaunchStoryboardName = LaunchScreen;
				INFOPLIST_KEY_UIMainStoryboardFile = Main;
				INFOPLIST_KEY_UISupportedInterfaceOrientations_iPad = "UIInterfaceOrientationPortrait UIInterfaceOrientationPortraitUpsideDown UIInterfaceOrientationLandscapeLeft UIInterfaceOrientationLandscapeRight";
				INFOPLIST_KEY_UISupportedInterfaceOrientations_iPhone = "UIInterfaceOrientationPortrait UIInterfaceOrientationLandscapeLeft UIInterfaceOrientationLandscapeRight";
				LD_RUNPATH_SEARCH_PATHS = (
					"$(inherited)",
					"@executable_path/Frameworks",
				);
				MARKETING_VERSION = 1.0;
				PRODUCT_BUNDLE_IDENTIFIER = kch.Tipsy;
				PRODUCT_NAME = "$(TARGET_NAME)";
				SWIFT_EMIT_LOC_STRINGS = YES;
				SWIFT_VERSION = 5.0;
				TARGETED_DEVICE_FAMILY = "1,2";
			};
			name = Release;
		};
/* End XCBuildConfiguration section */

/* Begin XCConfigurationList section */
		43A8FBBD274A770700FE3DE8 /* Build configuration list for PBXProject "Tipsy" */ = {
			isa = XCConfigurationList;
			buildConfigurations = (
				43A8FBD4274A770900FE3DE8 /* Debug */,
				43A8FBD5274A770900FE3DE8 /* Release */,
			);
			defaultConfigurationIsVisible = 0;
			defaultConfigurationName = Release;
		};
		43A8FBD6274A770900FE3DE8 /* Build configuration list for PBXNativeTarget "Tipsy" */ = {
			isa = XCConfigurationList;
			buildConfigurations = (
				43A8FBD7274A770900FE3DE8 /* Debug */,
				43A8FBD8274A770900FE3DE8 /* Release */,
			);
			defaultConfigurationIsVisible = 0;
			defaultConfigurationName = Release;
		};
/* End XCConfigurationList section */
	};
	rootObject = 43A8FBBA274A770700FE3DE8 /* Project object */;
}
