// !$*UTF8*$!
{
	archiveVersion = 1;
	classes = {
	};
	objectVersion = 54;
	objects = {

/* Begin PBXBuildFile section */
		35D1117F7449E3CB441B75A0 /* Pods_QuizGame.framework in Frameworks */ = {isa = PBXBuildFile; fileRef = 287FD1149EBF5ED794E4D404 /* Pods_QuizGame.framework */; };
		434282752746291C00D287ED /* Question.swift in Sources */ = {isa = PBXBuildFile; fileRef = 434282742746291C00D287ED /* Question.swift */; };
		4342827A2746327600D287ED /* QuizBrain.swift in Sources */ = {isa = PBXBuildFile; fileRef = 434282792746327600D287ED /* QuizBrain.swift */; };
		43CC2EF327461339009FE272 /* AppDelegate.swift in Sources */ = {isa = PBXBuildFile; fileRef = 43CC2EF227461339009FE272 /* AppDelegate.swift */; };
		43CC2EF527461339009FE272 /* SceneDelegate.swift in Sources */ = {isa = PBXBuildFile; fileRef = 43CC2EF427461339009FE272 /* SceneDelegate.swift */; };
		43CC2EF727461339009FE272 /* MainViewController.swift in Sources */ = {isa = PBXBuildFile; fileRef = 43CC2EF627461339009FE272 /* MainViewController.swift */; };
		43CC2EFA27461339009FE272 /* Main.storyboard in Resources */ = {isa = PBXBuildFile; fileRef = 43CC2EF827461339009FE272 /* Main.storyboard */; };
		43CC2EFC2746133B009FE272 /* Assets.xcassets in Resources */ = {isa = PBXBuildFile; fileRef = 43CC2EFB2746133B009FE272 /* Assets.xcassets */; };
		43CC2EFF2746133B009FE272 /* LaunchScreen.storyboard in Resources */ = {isa = PBXBuildFile; fileRef = 43CC2EFD2746133B009FE272 /* LaunchScreen.storyboard */; };
		43CC2F0727461403009FE272 /* MainView.swift in Sources */ = {isa = PBXBuildFile; fileRef = 43CC2F0627461403009FE272 /* MainView.swift */; };
/* End PBXBuildFile section */

/* Begin PBXFileReference section */
		287FD1149EBF5ED794E4D404 /* Pods_QuizGame.framework */ = {isa = PBXFileReference; explicitFileType = wrapper.framework; includeInIndex = 0; path = Pods_QuizGame.framework; sourceTree = BUILT_PRODUCTS_DIR; };
		434282742746291C00D287ED /* Question.swift */ = {isa = PBXFileReference; lastKnownFileType = sourcecode.swift; path = Question.swift; sourceTree = "<group>"; };
		434282792746327600D287ED /* QuizBrain.swift */ = {isa = PBXFileReference; lastKnownFileType = sourcecode.swift; path = QuizBrain.swift; sourceTree = "<group>"; };
		43CC2EEF27461339009FE272 /* QuizGame.app */ = {isa = PBXFileReference; explicitFileType = wrapper.application; includeInIndex = 0; path = QuizGame.app; sourceTree = BUILT_PRODUCTS_DIR; };
		43CC2EF227461339009FE272 /* AppDelegate.swift */ = {isa = PBXFileReference; lastKnownFileType = sourcecode.swift; path = AppDelegate.swift; sourceTree = "<group>"; };
		43CC2EF427461339009FE272 /* SceneDelegate.swift */ = {isa = PBXFileReference; lastKnownFileType = sourcecode.swift; path = SceneDelegate.swift; sourceTree = "<group>"; };
		43CC2EF627461339009FE272 /* MainViewController.swift */ = {isa = PBXFileReference; lastKnownFileType = sourcecode.swift; path = MainViewController.swift; sourceTree = "<group>"; };
		43CC2EF927461339009FE272 /* Base */ = {isa = PBXFileReference; lastKnownFileType = file.storyboard; name = Base; path = Base.lproj/Main.storyboard; sourceTree = "<group>"; };
		43CC2EFB2746133B009FE272 /* Assets.xcassets */ = {isa = PBXFileReference; lastKnownFileType = folder.assetcatalog; path = Assets.xcassets; sourceTree = "<group>"; };
		43CC2EFE2746133B009FE272 /* Base */ = {isa = PBXFileReference; lastKnownFileType = file.storyboard; name = Base; path = Base.lproj/LaunchScreen.storyboard; sourceTree = "<group>"; };
		43CC2F002746133B009FE272 /* Info.plist */ = {isa = PBXFileReference; lastKnownFileType = text.plist.xml; path = Info.plist; sourceTree = "<group>"; };
		43CC2F0627461403009FE272 /* MainView.swift */ = {isa = PBXFileReference; lastKnownFileType = sourcecode.swift; path = MainView.swift; sourceTree = "<group>"; };
		530851E6BCC0E5F6785B2488 /* Pods-QuizGame.release.xcconfig */ = {isa = PBXFileReference; includeInIndex = 1; lastKnownFileType = text.xcconfig; name = "Pods-QuizGame.release.xcconfig"; path = "Target Support Files/Pods-QuizGame/Pods-QuizGame.release.xcconfig"; sourceTree = "<group>"; };
		D5ED0EBC9CBD98F0F14AF497 /* Pods-QuizGame.debug.xcconfig */ = {isa = PBXFileReference; includeInIndex = 1; lastKnownFileType = text.xcconfig; name = "Pods-QuizGame.debug.xcconfig"; path = "Target Support Files/Pods-QuizGame/Pods-QuizGame.debug.xcconfig"; sourceTree = "<group>"; };
/* End PBXFileReference section */

/* Begin PBXFrameworksBuildPhase section */
		43CC2EEC27461339009FE272 /* Frameworks */ = {
			isa = PBXFrameworksBuildPhase;
			buildActionMask = 2147483647;
			files = (
				35D1117F7449E3CB441B75A0 /* Pods_QuizGame.framework in Frameworks */,
			);
			runOnlyForDeploymentPostprocessing = 0;
		};
/* End PBXFrameworksBuildPhase section */

/* Begin PBXGroup section */
		434282762746297900D287ED /* View */ = {
			isa = PBXGroup;
			children = (
				43CC2F0627461403009FE272 /* MainView.swift */,
			);
			path = View;
			sourceTree = "<group>";
		};
		434282772746298000D287ED /* Model */ = {
			isa = PBXGroup;
			children = (
				434282742746291C00D287ED /* Question.swift */,
				434282792746327600D287ED /* QuizBrain.swift */,
			);
			path = Model;
			sourceTree = "<group>";
		};
		434282782746298400D287ED /* Controller */ = {
			isa = PBXGroup;
			children = (
				43CC2EF627461339009FE272 /* MainViewController.swift */,
			);
			path = Controller;
			sourceTree = "<group>";
		};
		43CC2EE627461339009FE272 = {
			isa = PBXGroup;
			children = (
				43CC2EF127461339009FE272 /* QuizGame */,
				43CC2EF027461339009FE272 /* Products */,
				B5C3A13322487FBB1DD80F79 /* Pods */,
				EF289A6C08F42ADBAD832B4F /* Frameworks */,
			);
			sourceTree = "<group>";
		};
		43CC2EF027461339009FE272 /* Products */ = {
			isa = PBXGroup;
			children = (
				43CC2EEF27461339009FE272 /* QuizGame.app */,
			);
			name = Products;
			sourceTree = "<group>";
		};
		43CC2EF127461339009FE272 /* QuizGame */ = {
			isa = PBXGroup;
			children = (
				434282772746298000D287ED /* Model */,
				434282762746297900D287ED /* View */,
				434282782746298400D287ED /* Controller */,
				43CC2EF227461339009FE272 /* AppDelegate.swift */,
				43CC2EF427461339009FE272 /* SceneDelegate.swift */,
				43CC2EF827461339009FE272 /* Main.storyboard */,
				43CC2EFB2746133B009FE272 /* Assets.xcassets */,
				43CC2EFD2746133B009FE272 /* LaunchScreen.storyboard */,
				43CC2F002746133B009FE272 /* Info.plist */,
			);
			path = QuizGame;
			sourceTree = "<group>";
		};
		B5C3A13322487FBB1DD80F79 /* Pods */ = {
			isa = PBXGroup;
			children = (
				D5ED0EBC9CBD98F0F14AF497 /* Pods-QuizGame.debug.xcconfig */,
				530851E6BCC0E5F6785B2488 /* Pods-QuizGame.release.xcconfig */,
			);
			path = Pods;
			sourceTree = "<group>";
		};
		EF289A6C08F42ADBAD832B4F /* Frameworks */ = {
			isa = PBXGroup;
			children = (
				287FD1149EBF5ED794E4D404 /* Pods_QuizGame.framework */,
			);
			name = Frameworks;
			sourceTree = "<group>";
		};
/* End PBXGroup section */

/* Begin PBXNativeTarget section */
		43CC2EEE27461339009FE272 /* QuizGame */ = {
			isa = PBXNativeTarget;
			buildConfigurationList = 43CC2F032746133B009FE272 /* Build configuration list for PBXNativeTarget "QuizGame" */;
			buildPhases = (
				FEC61583ACADDC085B7E25FB /* [CP] Check Pods Manifest.lock */,
				43CC2EEB27461339009FE272 /* Sources */,
				43CC2EEC27461339009FE272 /* Frameworks */,
				43CC2EED27461339009FE272 /* Resources */,
				BA194C7273E173399CE9DD1D /* [CP] Embed Pods Frameworks */,
			);
			buildRules = (
			);
			dependencies = (
			);
			name = QuizGame;
			productName = QuizGame;
			productReference = 43CC2EEF27461339009FE272 /* QuizGame.app */;
			productType = "com.apple.product-type.application";
		};
/* End PBXNativeTarget section */

/* Begin PBXProject section */
		43CC2EE727461339009FE272 /* Project object */ = {
			isa = PBXProject;
			attributes = {
				BuildIndependentTargetsInParallel = 1;
				LastSwiftUpdateCheck = 1310;
				LastUpgradeCheck = 1310;
				TargetAttributes = {
					43CC2EEE27461339009FE272 = {
						CreatedOnToolsVersion = 13.1;
					};
				};
			};
			buildConfigurationList = 43CC2EEA27461339009FE272 /* Build configuration list for PBXProject "QuizGame" */;
			compatibilityVersion = "Xcode 12.0";
			developmentRegion = en;
			hasScannedForEncodings = 0;
			knownRegions = (
				en,
				Base,
			);
			mainGroup = 43CC2EE627461339009FE272;
			productRefGroup = 43CC2EF027461339009FE272 /* Products */;
			projectDirPath = "";
			projectRoot = "";
			targets = (
				43CC2EEE27461339009FE272 /* QuizGame */,
			);
		};
/* End PBXProject section */

/* Begin PBXResourcesBuildPhase section */
		43CC2EED27461339009FE272 /* Resources */ = {
			isa = PBXResourcesBuildPhase;
			buildActionMask = 2147483647;
			files = (
				43CC2EFF2746133B009FE272 /* LaunchScreen.storyboard in Resources */,
				43CC2EFC2746133B009FE272 /* Assets.xcassets in Resources */,
				43CC2EFA27461339009FE272 /* Main.storyboard in Resources */,
			);
			runOnlyForDeploymentPostprocessing = 0;
		};
/* End PBXResourcesBuildPhase section */

/* Begin PBXShellScriptBuildPhase section */
		BA194C7273E173399CE9DD1D /* [CP] Embed Pods Frameworks */ = {
			isa = PBXShellScriptBuildPhase;
			buildActionMask = 2147483647;
			files = (
			);
			inputFileListPaths = (
				"${PODS_ROOT}/Target Support Files/Pods-QuizGame/Pods-QuizGame-frameworks-${CONFIGURATION}-input-files.xcfilelist",
			);
			name = "[CP] Embed Pods Frameworks";
			outputFileListPaths = (
				"${PODS_ROOT}/Target Support Files/Pods-QuizGame/Pods-QuizGame-frameworks-${CONFIGURATION}-output-files.xcfilelist",
			);
			runOnlyForDeploymentPostprocessing = 0;
			shellPath = /bin/sh;
			shellScript = "\"${PODS_ROOT}/Target Support Files/Pods-QuizGame/Pods-QuizGame-frameworks.sh\"\n";
			showEnvVarsInLog = 0;
		};
		FEC61583ACADDC085B7E25FB /* [CP] Check Pods Manifest.lock */ = {
			isa = PBXShellScriptBuildPhase;
			buildActionMask = 2147483647;
			files = (
			);
			inputFileListPaths = (
			);
			inputPaths = (
				"${PODS_PODFILE_DIR_PATH}/Podfile.lock",
				"${PODS_ROOT}/Manifest.lock",
			);
			name = "[CP] Check Pods Manifest.lock";
			outputFileListPaths = (
			);
			outputPaths = (
				"$(DERIVED_FILE_DIR)/Pods-QuizGame-checkManifestLockResult.txt",
			);
			runOnlyForDeploymentPostprocessing = 0;
			shellPath = /bin/sh;
			shellScript = "diff \"${PODS_PODFILE_DIR_PATH}/Podfile.lock\" \"${PODS_ROOT}/Manifest.lock\" > /dev/null\nif [ $? != 0 ] ; then\n    # print error to STDERR\n    echo \"error: The sandbox is not in sync with the Podfile.lock. Run 'pod install' or update your CocoaPods installation.\" >&2\n    exit 1\nfi\n# This output is used by Xcode 'outputs' to avoid re-running this script phase.\necho \"SUCCESS\" > \"${SCRIPT_OUTPUT_FILE_0}\"\n";
			showEnvVarsInLog = 0;
		};
/* End PBXShellScriptBuildPhase section */

/* Begin PBXSourcesBuildPhase section */
		43CC2EEB27461339009FE272 /* Sources */ = {
			isa = PBXSourcesBuildPhase;
			buildActionMask = 2147483647;
			files = (
				434282752746291C00D287ED /* Question.swift in Sources */,
				43CC2EF727461339009FE272 /* MainViewController.swift in Sources */,
				43CC2F0727461403009FE272 /* MainView.swift in Sources */,
				4342827A2746327600D287ED /* QuizBrain.swift in Sources */,
				43CC2EF327461339009FE272 /* AppDelegate.swift in Sources */,
				43CC2EF527461339009FE272 /* SceneDelegate.swift in Sources */,
			);
			runOnlyForDeploymentPostprocessing = 0;
		};
/* End PBXSourcesBuildPhase section */

/* Begin PBXVariantGroup section */
		43CC2EF827461339009FE272 /* Main.storyboard */ = {
			isa = PBXVariantGroup;
			children = (
				43CC2EF927461339009FE272 /* Base */,
			);
			name = Main.storyboard;
			sourceTree = "<group>";
		};
		43CC2EFD2746133B009FE272 /* LaunchScreen.storyboard */ = {
			isa = PBXVariantGroup;
			children = (
				43CC2EFE2746133B009FE272 /* Base */,
			);
			name = LaunchScreen.storyboard;
			sourceTree = "<group>";
		};
/* End PBXVariantGroup section */

/* Begin XCBuildConfiguration section */
		43CC2F012746133B009FE272 /* Debug */ = {
			isa = XCBuildConfiguration;
			buildSettings = {
				ALWAYS_SEARCH_USER_PATHS = NO;
				CLANG_ANALYZER_NONNULL = YES;
				CLANG_ANALYZER_NUMBER_OBJECT_CONVERSION = YES_AGGRESSIVE;
				CLANG_CXX_LANGUAGE_STANDARD = "gnu++17";
				CLANG_CXX_LIBRARY = "libc++";
				CLANG_ENABLE_MODULES = YES;
				CLANG_ENABLE_OBJC_ARC = YES;
				CLANG_ENABLE_OBJC_WEAK = YES;
				CLANG_WARN_BLOCK_CAPTURE_AUTORELEASING = YES;
				CLANG_WARN_BOOL_CONVERSION = YES;
				CLANG_WARN_COMMA = YES;
				CLANG_WARN_CONSTANT_CONVERSION = YES;
				CLANG_WARN_DEPRECATED_OBJC_IMPLEMENTATIONS = YES;
				CLANG_WARN_DIRECT_OBJC_ISA_USAGE = YES_ERROR;
				CLANG_WARN_DOCUMENTATION_COMMENTS = YES;
				CLANG_WARN_EMPTY_BODY = YES;
				CLANG_WARN_ENUM_CONVERSION = YES;
				CLANG_WARN_INFINITE_RECURSION = YES;
				CLANG_WARN_INT_CONVERSION = YES;
				CLANG_WARN_NON_LITERAL_NULL_CONVERSION = YES;
				CLANG_WARN_OBJC_IMPLICIT_RETAIN_SELF = YES;
				CLANG_WARN_OBJC_LITERAL_CONVERSION = YES;
				CLANG_WARN_OBJC_ROOT_CLASS = YES_ERROR;
				CLANG_WARN_QUOTED_INCLUDE_IN_FRAMEWORK_HEADER = YES;
				CLANG_WARN_RANGE_LOOP_ANALYSIS = YES;
				CLANG_WARN_STRICT_PROTOTYPES = YES;
				CLANG_WARN_SUSPICIOUS_MOVE = YES;
				CLANG_WARN_UNGUARDED_AVAILABILITY = YES_AGGRESSIVE;
				CLANG_WARN_UNREACHABLE_CODE = YES;
				CLANG_WARN__DUPLICATE_METHOD_MATCH = YES;
				COPY_PHASE_STRIP = NO;
				DEBUG_INFORMATION_FORMAT = dwarf;
				ENABLE_STRICT_OBJC_MSGSEND = YES;
				ENABLE_TESTABILITY = YES;
				GCC_C_LANGUAGE_STANDARD = gnu11;
				GCC_DYNAMIC_NO_PIC = NO;
				GCC_NO_COMMON_BLOCKS = YES;
				GCC_OPTIMIZATION_LEVEL = 0;
				GCC_PREPROCESSOR_DEFINITIONS = (
					"DEBUG=1",
					"$(inherited)",
				);
				GCC_WARN_64_TO_32_BIT_CONVERSION = YES;
				GCC_WARN_ABOUT_RETURN_TYPE = YES_ERROR;
				GCC_WARN_UNDECLARED_SELECTOR = YES;
				GCC_WARN_UNINITIALIZED_AUTOS = YES_AGGRESSIVE;
				GCC_WARN_UNUSED_FUNCTION = YES;
				GCC_WARN_UNUSED_VARIABLE = YES;
				IPHONEOS_DEPLOYMENT_TARGET = 15.0;
				MTL_ENABLE_DEBUG_INFO = INCLUDE_SOURCE;
				MTL_FAST_MATH = YES;
				ONLY_ACTIVE_ARCH = YES;
				SDKROOT = iphoneos;
				SWIFT_ACTIVE_COMPILATION_CONDITIONS = DEBUG;
				SWIFT_OPTIMIZATION_LEVEL = "-Onone";
			};
			name = Debug;
		};
		43CC2F022746133B009FE272 /* Release */ = {
			isa = XCBuildConfiguration;
			buildSettings = {
				ALWAYS_SEARCH_USER_PATHS = NO;
				CLANG_ANALYZER_NONNULL = YES;
				CLANG_ANALYZER_NUMBER_OBJECT_CONVERSION = YES_AGGRESSIVE;
				CLANG_CXX_LANGUAGE_STANDARD = "gnu++17";
				CLANG_CXX_LIBRARY = "libc++";
				CLANG_ENABLE_MODULES = YES;
				CLANG_ENABLE_OBJC_ARC = YES;
				CLANG_ENABLE_OBJC_WEAK = YES;
				CLANG_WARN_BLOCK_CAPTURE_AUTORELEASING = YES;
				CLANG_WARN_BOOL_CONVERSION = YES;
				CLANG_WARN_COMMA = YES;
				CLANG_WARN_CONSTANT_CONVERSION = YES;
				CLANG_WARN_DEPRECATED_OBJC_IMPLEMENTATIONS = YES;
				CLANG_WARN_DIRECT_OBJC_ISA_USAGE = YES_ERROR;
				CLANG_WARN_DOCUMENTATION_COMMENTS = YES;
				CLANG_WARN_EMPTY_BODY = YES;
				CLANG_WARN_ENUM_CONVERSION = YES;
				CLANG_WARN_INFINITE_RECURSION = YES;
				CLANG_WARN_INT_CONVERSION = YES;
				CLANG_WARN_NON_LITERAL_NULL_CONVERSION = YES;
				CLANG_WARN_OBJC_IMPLICIT_RETAIN_SELF = YES;
				CLANG_WARN_OBJC_LITERAL_CONVERSION = YES;
				CLANG_WARN_OBJC_ROOT_CLASS = YES_ERROR;
				CLANG_WARN_QUOTED_INCLUDE_IN_FRAMEWORK_HEADER = YES;
				CLANG_WARN_RANGE_LOOP_ANALYSIS = YES;
				CLANG_WARN_STRICT_PROTOTYPES = YES;
				CLANG_WARN_SUSPICIOUS_MOVE = YES;
				CLANG_WARN_UNGUARDED_AVAILABILITY = YES_AGGRESSIVE;
				CLANG_WARN_UNREACHABLE_CODE = YES;
				CLANG_WARN__DUPLICATE_METHOD_MATCH = YES;
				COPY_PHASE_STRIP = NO;
				DEBUG_INFORMATION_FORMAT = "dwarf-with-dsym";
				ENABLE_NS_ASSERTIONS = NO;
				ENABLE_STRICT_OBJC_MSGSEND = YES;
				GCC_C_LANGUAGE_STANDARD = gnu11;
				GCC_NO_COMMON_BLOCKS = YES;
				GCC_WARN_64_TO_32_BIT_CONVERSION = YES;
				GCC_WARN_ABOUT_RETURN_TYPE = YES_ERROR;
				GCC_WARN_UNDECLARED_SELECTOR = YES;
				GCC_WARN_UNINITIALIZED_AUTOS = YES_AGGRESSIVE;
				GCC_WARN_UNUSED_FUNCTION = YES;
				GCC_WARN_UNUSED_VARIABLE = YES;
				IPHONEOS_DEPLOYMENT_TARGET = 15.0;
				MTL_ENABLE_DEBUG_INFO = NO;
				MTL_FAST_MATH = YES;
				SDKROOT = iphoneos;
				SWIFT_COMPILATION_MODE = wholemodule;
				SWIFT_OPTIMIZATION_LEVEL = "-O";
				VALIDATE_PRODUCT = YES;
			};
			name = Release;
		};
		43CC2F042746133B009FE272 /* Debug */ = {
			isa = XCBuildConfiguration;
			baseConfigurationReference = D5ED0EBC9CBD98F0F14AF497 /* Pods-QuizGame.debug.xcconfig */;
			buildSettings = {
				ASSETCATALOG_COMPILER_APPICON_NAME = AppIcon;
				ASSETCATALOG_COMPILER_GLOBAL_ACCENT_COLOR_NAME = AccentColor;
				CODE_SIGN_STYLE = Automatic;
				CURRENT_PROJECT_VERSION = 1;
				DEVELOPMENT_TEAM = 7ZW95Z6WF9;
				GENERATE_INFOPLIST_FILE = YES;
				INFOPLIST_FILE = QuizGame/Info.plist;
				INFOPLIST_KEY_UIApplicationSupportsIndirectInputEvents = YES;
				INFOPLIST_KEY_UILaunchStoryboardName = LaunchScreen;
				INFOPLIST_KEY_UIMainStoryboardFile = Main;
				INFOPLIST_KEY_UISupportedInterfaceOrientations_iPad = "UIInterfaceOrientationPortrait UIInterfaceOrientationPortraitUpsideDown UIInterfaceOrientationLandscapeLeft UIInterfaceOrientationLandscapeRight";
				INFOPLIST_KEY_UISupportedInterfaceOrientations_iPhone = "UIInterfaceOrientationPortrait UIInterfaceOrientationLandscapeLeft UIInterfaceOrientationLandscapeRight";
				LD_RUNPATH_SEARCH_PATHS = (
					"$(inherited)",
					"@executable_path/Frameworks",
				);
				MARKETING_VERSION = 1.0;
				PRODUCT_BUNDLE_IDENTIFIER = kch.QuizGame;
				PRODUCT_NAME = "$(TARGET_NAME)";
				SWIFT_EMIT_LOC_STRINGS = YES;
				SWIFT_VERSION = 5.0;
				TARGETED_DEVICE_FAMILY = "1,2";
			};
			name = Debug;
		};
		43CC2F052746133B009FE272 /* Release */ = {
			isa = XCBuildConfiguration;
			baseConfigurationReference = 530851E6BCC0E5F6785B2488 /* Pods-QuizGame.release.xcconfig */;
			buildSettings = {
				ASSETCATALOG_COMPILER_APPICON_NAME = AppIcon;
				ASSETCATALOG_COMPILER_GLOBAL_ACCENT_COLOR_NAME = AccentColor;
				CODE_SIGN_STYLE = Automatic;
				CURRENT_PROJECT_VERSION = 1;
				DEVELOPMENT_TEAM = 7ZW95Z6WF9;
				GENERATE_INFOPLIST_FILE = YES;
				INFOPLIST_FILE = QuizGame/Info.plist;
				INFOPLIST_KEY_UIApplicationSupportsIndirectInputEvents = YES;
				INFOPLIST_KEY_UILaunchStoryboardName = LaunchScreen;
				INFOPLIST_KEY_UIMainStoryboardFile = Main;
				INFOPLIST_KEY_UISupportedInterfaceOrientations_iPad = "UIInterfaceOrientationPortrait UIInterfaceOrientationPortraitUpsideDown UIInterfaceOrientationLandscapeLeft UIInterfaceOrientationLandscapeRight";
				INFOPLIST_KEY_UISupportedInterfaceOrientations_iPhone = "UIInterfaceOrientationPortrait UIInterfaceOrientationLandscapeLeft UIInterfaceOrientationLandscapeRight";
				LD_RUNPATH_SEARCH_PATHS = (
					"$(inherited)",
					"@executable_path/Frameworks",
				);
				MARKETING_VERSION = 1.0;
				PRODUCT_BUNDLE_IDENTIFIER = kch.QuizGame;
				PRODUCT_NAME = "$(TARGET_NAME)";
				SWIFT_EMIT_LOC_STRINGS = YES;
				SWIFT_VERSION = 5.0;
				TARGETED_DEVICE_FAMILY = "1,2";
			};
			name = Release;
		};
/* End XCBuildConfiguration section */

/* Begin XCConfigurationList section */
		43CC2EEA27461339009FE272 /* Build configuration list for PBXProject "QuizGame" */ = {
			isa = XCConfigurationList;
			buildConfigurations = (
				43CC2F012746133B009FE272 /* Debug */,
				43CC2F022746133B009FE272 /* Release */,
			);
			defaultConfigurationIsVisible = 0;
			defaultConfigurationName = Release;
		};
		43CC2F032746133B009FE272 /* Build configuration list for PBXNativeTarget "QuizGame" */ = {
			isa = XCConfigurationList;
			buildConfigurations = (
				43CC2F042746133B009FE272 /* Debug */,
				43CC2F052746133B009FE272 /* Release */,
			);
			defaultConfigurationIsVisible = 0;
			defaultConfigurationName = Release;
		};
/* End XCConfigurationList section */
	};
	rootObject = 43CC2EE727461339009FE272 /* Project object */;
}
