// !$*UTF8*$!
{
	archiveVersion = 1;
	classes = {
	};
	objectVersion = 54;
	objects = {

/* Begin PBXBuildFile section */
		182169DB6450219D784D007B /* Pods_BMI.framework in Frameworks */ = {isa = PBXBuildFile; fileRef = 960487C98550FA81BC6D36C7 /* Pods_BMI.framework */; };
		4329961427466DF800858D61 /* AppDelegate.swift in Sources */ = {isa = PBXBuildFile; fileRef = 4329961327466DF800858D61 /* AppDelegate.swift */; };
		4329961627466DF800858D61 /* SceneDelegate.swift in Sources */ = {isa = PBXBuildFile; fileRef = 4329961527466DF800858D61 /* SceneDelegate.swift */; };
		4329961827466DF800858D61 /* CalculateViewController.swift in Sources */ = {isa = PBXBuildFile; fileRef = 4329961727466DF800858D61 /* CalculateViewController.swift */; };
		4329961B27466DF800858D61 /* Main.storyboard in Resources */ = {isa = PBXBuildFile; fileRef = 4329961927466DF800858D61 /* Main.storyboard */; };
		4329961D27466DFB00858D61 /* Assets.xcassets in Resources */ = {isa = PBXBuildFile; fileRef = 4329961C27466DFB00858D61 /* Assets.xcassets */; };
		4329962027466DFB00858D61 /* LaunchScreen.storyboard in Resources */ = {isa = PBXBuildFile; fileRef = 4329961E27466DFB00858D61 /* LaunchScreen.storyboard */; };
		4329962B27466EE500858D61 /* CalculateView.swift in Sources */ = {isa = PBXBuildFile; fileRef = 4329962A27466EE500858D61 /* CalculateView.swift */; };
		4329962D274678DB00858D61 /* ResultView.swift in Sources */ = {isa = PBXBuildFile; fileRef = 4329962C274678DB00858D61 /* ResultView.swift */; };
		4329962F2746790A00858D61 /* ResultViewController.swift in Sources */ = {isa = PBXBuildFile; fileRef = 4329962E2746790A00858D61 /* ResultViewController.swift */; };
		432996312749153700858D61 /* BMIBrain.swift in Sources */ = {isa = PBXBuildFile; fileRef = 432996302749153700858D61 /* BMIBrain.swift */; };
		4329963327491A7200858D61 /* BMI.swift in Sources */ = {isa = PBXBuildFile; fileRef = 4329963227491A7200858D61 /* BMI.swift */; };
/* End PBXBuildFile section */

/* Begin PBXFileReference section */
		4329961027466DF800858D61 /* BMI.app */ = {isa = PBXFileReference; explicitFileType = wrapper.application; includeInIndex = 0; path = BMI.app; sourceTree = BUILT_PRODUCTS_DIR; };
		4329961327466DF800858D61 /* AppDelegate.swift */ = {isa = PBXFileReference; lastKnownFileType = sourcecode.swift; path = AppDelegate.swift; sourceTree = "<group>"; };
		4329961527466DF800858D61 /* SceneDelegate.swift */ = {isa = PBXFileReference; lastKnownFileType = sourcecode.swift; path = SceneDelegate.swift; sourceTree = "<group>"; };
		4329961727466DF800858D61 /* CalculateViewController.swift */ = {isa = PBXFileReference; lastKnownFileType = sourcecode.swift; path = CalculateViewController.swift; sourceTree = "<group>"; };
		4329961A27466DF800858D61 /* Base */ = {isa = PBXFileReference; lastKnownFileType = file.storyboard; name = Base; path = Base.lproj/Main.storyboard; sourceTree = "<group>"; };
		4329961C27466DFB00858D61 /* Assets.xcassets */ = {isa = PBXFileReference; lastKnownFileType = folder.assetcatalog; path = Assets.xcassets; sourceTree = "<group>"; };
		4329961F27466DFB00858D61 /* Base */ = {isa = PBXFileReference; lastKnownFileType = file.storyboard; name = Base; path = Base.lproj/LaunchScreen.storyboard; sourceTree = "<group>"; };
		4329962127466DFB00858D61 /* Info.plist */ = {isa = PBXFileReference; lastKnownFileType = text.plist.xml; path = Info.plist; sourceTree = "<group>"; };
		4329962A27466EE500858D61 /* CalculateView.swift */ = {isa = PBXFileReference; lastKnownFileType = sourcecode.swift; path = CalculateView.swift; sourceTree = "<group>"; };
		4329962C274678DB00858D61 /* ResultView.swift */ = {isa = PBXFileReference; lastKnownFileType = sourcecode.swift; path = ResultView.swift; sourceTree = "<group>"; };
		4329962E2746790A00858D61 /* ResultViewController.swift */ = {isa = PBXFileReference; lastKnownFileType = sourcecode.swift; path = ResultViewController.swift; sourceTree = "<group>"; };
		432996302749153700858D61 /* BMIBrain.swift */ = {isa = PBXFileReference; lastKnownFileType = sourcecode.swift; path = BMIBrain.swift; sourceTree = "<group>"; };
		4329963227491A7200858D61 /* BMI.swift */ = {isa = PBXFileReference; lastKnownFileType = sourcecode.swift; path = BMI.swift; sourceTree = "<group>"; };
		6C648FC973E8354789679134 /* Pods-BMI.release.xcconfig */ = {isa = PBXFileReference; includeInIndex = 1; lastKnownFileType = text.xcconfig; name = "Pods-BMI.release.xcconfig"; path = "Target Support Files/Pods-BMI/Pods-BMI.release.xcconfig"; sourceTree = "<group>"; };
		960487C98550FA81BC6D36C7 /* Pods_BMI.framework */ = {isa = PBXFileReference; explicitFileType = wrapper.framework; includeInIndex = 0; path = Pods_BMI.framework; sourceTree = BUILT_PRODUCTS_DIR; };
		96595719C2425B033857E6C1 /* Pods-BMI.debug.xcconfig */ = {isa = PBXFileReference; includeInIndex = 1; lastKnownFileType = text.xcconfig; name = "Pods-BMI.debug.xcconfig"; path = "Target Support Files/Pods-BMI/Pods-BMI.debug.xcconfig"; sourceTree = "<group>"; };
/* End PBXFileReference section */

/* Begin PBXFrameworksBuildPhase section */
		4329960D27466DF800858D61 /* Frameworks */ = {
			isa = PBXFrameworksBuildPhase;
			buildActionMask = 2147483647;
			files = (
				182169DB6450219D784D007B /* Pods_BMI.framework in Frameworks */,
			);
			runOnlyForDeploymentPostprocessing = 0;
		};
/* End PBXFrameworksBuildPhase section */

/* Begin PBXGroup section */
		3A9999EB26ABC709EC5B04DE /* Frameworks */ = {
			isa = PBXGroup;
			children = (
				960487C98550FA81BC6D36C7 /* Pods_BMI.framework */,
			);
			name = Frameworks;
			sourceTree = "<group>";
		};
		4329960727466DF800858D61 = {
			isa = PBXGroup;
			children = (
				4329961227466DF800858D61 /* BMI */,
				4329961127466DF800858D61 /* Products */,
				73322A502FC4932AC668D988 /* Pods */,
				3A9999EB26ABC709EC5B04DE /* Frameworks */,
			);
			sourceTree = "<group>";
		};
		4329961127466DF800858D61 /* Products */ = {
			isa = PBXGroup;
			children = (
				4329961027466DF800858D61 /* BMI.app */,
			);
			name = Products;
			sourceTree = "<group>";
		};
		4329961227466DF800858D61 /* BMI */ = {
			isa = PBXGroup;
			children = (
				4329962927466E7A00858D61 /* Model */,
				4329962827466E7600858D61 /* View */,
				4329962727466E6A00858D61 /* Controller */,
				4329961327466DF800858D61 /* AppDelegate.swift */,
				4329961527466DF800858D61 /* SceneDelegate.swift */,
				4329961C27466DFB00858D61 /* Assets.xcassets */,
				4329961E27466DFB00858D61 /* LaunchScreen.storyboard */,
				4329962127466DFB00858D61 /* Info.plist */,
			);
			path = BMI;
			sourceTree = "<group>";
		};
		4329962727466E6A00858D61 /* Controller */ = {
			isa = PBXGroup;
			children = (
				4329961727466DF800858D61 /* CalculateViewController.swift */,
				4329962E2746790A00858D61 /* ResultViewController.swift */,
			);
			path = Controller;
			sourceTree = "<group>";
		};
		4329962827466E7600858D61 /* View */ = {
			isa = PBXGroup;
			children = (
				4329962A27466EE500858D61 /* CalculateView.swift */,
				4329962C274678DB00858D61 /* ResultView.swift */,
				4329961927466DF800858D61 /* Main.storyboard */,
			);
			path = View;
			sourceTree = "<group>";
		};
		4329962927466E7A00858D61 /* Model */ = {
			isa = PBXGroup;
			children = (
				432996302749153700858D61 /* BMIBrain.swift */,
				4329963227491A7200858D61 /* BMI.swift */,
			);
			path = Model;
			sourceTree = "<group>";
		};
		73322A502FC4932AC668D988 /* Pods */ = {
			isa = PBXGroup;
			children = (
				96595719C2425B033857E6C1 /* Pods-BMI.debug.xcconfig */,
				6C648FC973E8354789679134 /* Pods-BMI.release.xcconfig */,
			);
			path = Pods;
			sourceTree = "<group>";
		};
/* End PBXGroup section */

/* Begin PBXNativeTarget section */
		4329960F27466DF800858D61 /* BMI */ = {
			isa = PBXNativeTarget;
			buildConfigurationList = 4329962427466DFB00858D61 /* Build configuration list for PBXNativeTarget "BMI" */;
			buildPhases = (
				251FC88272194A86F7A709EF /* [CP] Check Pods Manifest.lock */,
				4329960C27466DF800858D61 /* Sources */,
				4329960D27466DF800858D61 /* Frameworks */,
				4329960E27466DF800858D61 /* Resources */,
				FBA9921839460287C53F8E08 /* [CP] Embed Pods Frameworks */,
			);
			buildRules = (
			);
			dependencies = (
			);
			name = BMI;
			productName = BMI;
			productReference = 4329961027466DF800858D61 /* BMI.app */;
			productType = "com.apple.product-type.application";
		};
/* End PBXNativeTarget section */

/* Begin PBXProject section */
		4329960827466DF800858D61 /* Project object */ = {
			isa = PBXProject;
			attributes = {
				BuildIndependentTargetsInParallel = 1;
				LastSwiftUpdateCheck = 1310;
				LastUpgradeCheck = 1310;
				TargetAttributes = {
					4329960F27466DF800858D61 = {
						CreatedOnToolsVersion = 13.1;
					};
				};
			};
			buildConfigurationList = 4329960B27466DF800858D61 /* Build configuration list for PBXProject "BMI" */;
			compatibilityVersion = "Xcode 12.0";
			developmentRegion = en;
			hasScannedForEncodings = 0;
			knownRegions = (
				en,
				Base,
			);
			mainGroup = 4329960727466DF800858D61;
			productRefGroup = 4329961127466DF800858D61 /* Products */;
			projectDirPath = "";
			projectRoot = "";
			targets = (
				4329960F27466DF800858D61 /* BMI */,
			);
		};
/* End PBXProject section */

/* Begin PBXResourcesBuildPhase section */
		4329960E27466DF800858D61 /* Resources */ = {
			isa = PBXResourcesBuildPhase;
			buildActionMask = 2147483647;
			files = (
				4329962027466DFB00858D61 /* LaunchScreen.storyboard in Resources */,
				4329961D27466DFB00858D61 /* Assets.xcassets in Resources */,
				4329961B27466DF800858D61 /* Main.storyboard in Resources */,
			);
			runOnlyForDeploymentPostprocessing = 0;
		};
/* End PBXResourcesBuildPhase section */

/* Begin PBXShellScriptBuildPhase section */
		251FC88272194A86F7A709EF /* [CP] Check Pods Manifest.lock */ = {
			isa = PBXShellScriptBuildPhase;
			buildActionMask = 2147483647;
			files = (
			);
			inputFileListPaths = (
			);
			inputPaths = (
				"${PODS_PODFILE_DIR_PATH}/Podfile.lock",
				"${PODS_ROOT}/Manifest.lock",
			);
			name = "[CP] Check Pods Manifest.lock";
			outputFileListPaths = (
			);
			outputPaths = (
				"$(DERIVED_FILE_DIR)/Pods-BMI-checkManifestLockResult.txt",
			);
			runOnlyForDeploymentPostprocessing = 0;
			shellPath = /bin/sh;
			shellScript = "diff \"${PODS_PODFILE_DIR_PATH}/Podfile.lock\" \"${PODS_ROOT}/Manifest.lock\" > /dev/null\nif [ $? != 0 ] ; then\n    # print error to STDERR\n    echo \"error: The sandbox is not in sync with the Podfile.lock. Run 'pod install' or update your CocoaPods installation.\" >&2\n    exit 1\nfi\n# This output is used by Xcode 'outputs' to avoid re-running this script phase.\necho \"SUCCESS\" > \"${SCRIPT_OUTPUT_FILE_0}\"\n";
			showEnvVarsInLog = 0;
		};
		FBA9921839460287C53F8E08 /* [CP] Embed Pods Frameworks */ = {
			isa = PBXShellScriptBuildPhase;
			buildActionMask = 2147483647;
			files = (
			);
			inputFileListPaths = (
				"${PODS_ROOT}/Target Support Files/Pods-BMI/Pods-BMI-frameworks-${CONFIGURATION}-input-files.xcfilelist",
			);
			name = "[CP] Embed Pods Frameworks";
			outputFileListPaths = (
				"${PODS_ROOT}/Target Support Files/Pods-BMI/Pods-BMI-frameworks-${CONFIGURATION}-output-files.xcfilelist",
			);
			runOnlyForDeploymentPostprocessing = 0;
			shellPath = /bin/sh;
			shellScript = "\"${PODS_ROOT}/Target Support Files/Pods-BMI/Pods-BMI-frameworks.sh\"\n";
			showEnvVarsInLog = 0;
		};
/* End PBXShellScriptBuildPhase section */

/* Begin PBXSourcesBuildPhase section */
		4329960C27466DF800858D61 /* Sources */ = {
			isa = PBXSourcesBuildPhase;
			buildActionMask = 2147483647;
			files = (
				4329961827466DF800858D61 /* CalculateViewController.swift in Sources */,
				4329961427466DF800858D61 /* AppDelegate.swift in Sources */,
				4329962D274678DB00858D61 /* ResultView.swift in Sources */,
				432996312749153700858D61 /* BMIBrain.swift in Sources */,
				4329963327491A7200858D61 /* BMI.swift in Sources */,
				4329961627466DF800858D61 /* SceneDelegate.swift in Sources */,
				4329962B27466EE500858D61 /* CalculateView.swift in Sources */,
				4329962F2746790A00858D61 /* ResultViewController.swift in Sources */,
			);
			runOnlyForDeploymentPostprocessing = 0;
		};
/* End PBXSourcesBuildPhase section */

/* Begin PBXVariantGroup section */
		4329961927466DF800858D61 /* Main.storyboard */ = {
			isa = PBXVariantGroup;
			children = (
				4329961A27466DF800858D61 /* Base */,
			);
			name = Main.storyboard;
			sourceTree = "<group>";
		};
		4329961E27466DFB00858D61 /* LaunchScreen.storyboard */ = {
			isa = PBXVariantGroup;
			children = (
				4329961F27466DFB00858D61 /* Base */,
			);
			name = LaunchScreen.storyboard;
			sourceTree = "<group>";
		};
/* End PBXVariantGroup section */

/* Begin XCBuildConfiguration section */
		4329962227466DFB00858D61 /* Debug */ = {
			isa = XCBuildConfiguration;
			buildSettings = {
				ALWAYS_SEARCH_USER_PATHS = NO;
				CLANG_ANALYZER_NONNULL = YES;
				CLANG_ANALYZER_NUMBER_OBJECT_CONVERSION = YES_AGGRESSIVE;
				CLANG_CXX_LANGUAGE_STANDARD = "gnu++17";
				CLANG_CXX_LIBRARY = "libc++";
				CLANG_ENABLE_MODULES = YES;
				CLANG_ENABLE_OBJC_ARC = YES;
				CLANG_ENABLE_OBJC_WEAK = YES;
				CLANG_WARN_BLOCK_CAPTURE_AUTORELEASING = YES;
				CLANG_WARN_BOOL_CONVERSION = YES;
				CLANG_WARN_COMMA = YES;
				CLANG_WARN_CONSTANT_CONVERSION = YES;
				CLANG_WARN_DEPRECATED_OBJC_IMPLEMENTATIONS = YES;
				CLANG_WARN_DIRECT_OBJC_ISA_USAGE = YES_ERROR;
				CLANG_WARN_DOCUMENTATION_COMMENTS = YES;
				CLANG_WARN_EMPTY_BODY = YES;
				CLANG_WARN_ENUM_CONVERSION = YES;
				CLANG_WARN_INFINITE_RECURSION = YES;
				CLANG_WARN_INT_CONVERSION = YES;
				CLANG_WARN_NON_LITERAL_NULL_CONVERSION = YES;
				CLANG_WARN_OBJC_IMPLICIT_RETAIN_SELF = YES;
				CLANG_WARN_OBJC_LITERAL_CONVERSION = YES;
				CLANG_WARN_OBJC_ROOT_CLASS = YES_ERROR;
				CLANG_WARN_QUOTED_INCLUDE_IN_FRAMEWORK_HEADER = YES;
				CLANG_WARN_RANGE_LOOP_ANALYSIS = YES;
				CLANG_WARN_STRICT_PROTOTYPES = YES;
				CLANG_WARN_SUSPICIOUS_MOVE = YES;
				CLANG_WARN_UNGUARDED_AVAILABILITY = YES_AGGRESSIVE;
				CLANG_WARN_UNREACHABLE_CODE = YES;
				CLANG_WARN__DUPLICATE_METHOD_MATCH = YES;
				COPY_PHASE_STRIP = NO;
				DEBUG_INFORMATION_FORMAT = dwarf;
				ENABLE_STRICT_OBJC_MSGSEND = YES;
				ENABLE_TESTABILITY = YES;
				GCC_C_LANGUAGE_STANDARD = gnu11;
				GCC_DYNAMIC_NO_PIC = NO;
				GCC_NO_COMMON_BLOCKS = YES;
				GCC_OPTIMIZATION_LEVEL = 0;
				GCC_PREPROCESSOR_DEFINITIONS = (
					"DEBUG=1",
					"$(inherited)",
				);
				GCC_WARN_64_TO_32_BIT_CONVERSION = YES;
				GCC_WARN_ABOUT_RETURN_TYPE = YES_ERROR;
				GCC_WARN_UNDECLARED_SELECTOR = YES;
				GCC_WARN_UNINITIALIZED_AUTOS = YES_AGGRESSIVE;
				GCC_WARN_UNUSED_FUNCTION = YES;
				GCC_WARN_UNUSED_VARIABLE = YES;
				IPHONEOS_DEPLOYMENT_TARGET = 15.0;
				MTL_ENABLE_DEBUG_INFO = INCLUDE_SOURCE;
				MTL_FAST_MATH = YES;
				ONLY_ACTIVE_ARCH = YES;
				SDKROOT = iphoneos;
				SWIFT_ACTIVE_COMPILATION_CONDITIONS = DEBUG;
				SWIFT_OPTIMIZATION_LEVEL = "-Onone";
			};
			name = Debug;
		};
		4329962327466DFB00858D61 /* Release */ = {
			isa = XCBuildConfiguration;
			buildSettings = {
				ALWAYS_SEARCH_USER_PATHS = NO;
				CLANG_ANALYZER_NONNULL = YES;
				CLANG_ANALYZER_NUMBER_OBJECT_CONVERSION = YES_AGGRESSIVE;
				CLANG_CXX_LANGUAGE_STANDARD = "gnu++17";
				CLANG_CXX_LIBRARY = "libc++";
				CLANG_ENABLE_MODULES = YES;
				CLANG_ENABLE_OBJC_ARC = YES;
				CLANG_ENABLE_OBJC_WEAK = YES;
				CLANG_WARN_BLOCK_CAPTURE_AUTORELEASING = YES;
				CLANG_WARN_BOOL_CONVERSION = YES;
				CLANG_WARN_COMMA = YES;
				CLANG_WARN_CONSTANT_CONVERSION = YES;
				CLANG_WARN_DEPRECATED_OBJC_IMPLEMENTATIONS = YES;
				CLANG_WARN_DIRECT_OBJC_ISA_USAGE = YES_ERROR;
				CLANG_WARN_DOCUMENTATION_COMMENTS = YES;
				CLANG_WARN_EMPTY_BODY = YES;
				CLANG_WARN_ENUM_CONVERSION = YES;
				CLANG_WARN_INFINITE_RECURSION = YES;
				CLANG_WARN_INT_CONVERSION = YES;
				CLANG_WARN_NON_LITERAL_NULL_CONVERSION = YES;
				CLANG_WARN_OBJC_IMPLICIT_RETAIN_SELF = YES;
				CLANG_WARN_OBJC_LITERAL_CONVERSION = YES;
				CLANG_WARN_OBJC_ROOT_CLASS = YES_ERROR;
				CLANG_WARN_QUOTED_INCLUDE_IN_FRAMEWORK_HEADER = YES;
				CLANG_WARN_RANGE_LOOP_ANALYSIS = YES;
				CLANG_WARN_STRICT_PROTOTYPES = YES;
				CLANG_WARN_SUSPICIOUS_MOVE = YES;
				CLANG_WARN_UNGUARDED_AVAILABILITY = YES_AGGRESSIVE;
				CLANG_WARN_UNREACHABLE_CODE = YES;
				CLANG_WARN__DUPLICATE_METHOD_MATCH = YES;
				COPY_PHASE_STRIP = NO;
				DEBUG_INFORMATION_FORMAT = "dwarf-with-dsym";
				ENABLE_NS_ASSERTIONS = NO;
				ENABLE_STRICT_OBJC_MSGSEND = YES;
				GCC_C_LANGUAGE_STANDARD = gnu11;
				GCC_NO_COMMON_BLOCKS = YES;
				GCC_WARN_64_TO_32_BIT_CONVERSION = YES;
				GCC_WARN_ABOUT_RETURN_TYPE = YES_ERROR;
				GCC_WARN_UNDECLARED_SELECTOR = YES;
				GCC_WARN_UNINITIALIZED_AUTOS = YES_AGGRESSIVE;
				GCC_WARN_UNUSED_FUNCTION = YES;
				GCC_WARN_UNUSED_VARIABLE = YES;
				IPHONEOS_DEPLOYMENT_TARGET = 15.0;
				MTL_ENABLE_DEBUG_INFO = NO;
				MTL_FAST_MATH = YES;
				SDKROOT = iphoneos;
				SWIFT_COMPILATION_MODE = wholemodule;
				SWIFT_OPTIMIZATION_LEVEL = "-O";
				VALIDATE_PRODUCT = YES;
			};
			name = Release;
		};
		4329962527466DFB00858D61 /* Debug */ = {
			isa = XCBuildConfiguration;
			baseConfigurationReference = 96595719C2425B033857E6C1 /* Pods-BMI.debug.xcconfig */;
			buildSettings = {
				ASSETCATALOG_COMPILER_APPICON_NAME = AppIcon;
				ASSETCATALOG_COMPILER_GLOBAL_ACCENT_COLOR_NAME = AccentColor;
				CODE_SIGN_STYLE = Automatic;
				CURRENT_PROJECT_VERSION = 1;
				DEVELOPMENT_TEAM = 7ZW95Z6WF9;
				GENERATE_INFOPLIST_FILE = YES;
				INFOPLIST_FILE = BMI/Info.plist;
				INFOPLIST_KEY_UIApplicationSupportsIndirectInputEvents = YES;
				INFOPLIST_KEY_UILaunchStoryboardName = LaunchScreen;
				INFOPLIST_KEY_UIMainStoryboardFile = Main;
				INFOPLIST_KEY_UISupportedInterfaceOrientations_iPad = "UIInterfaceOrientationPortrait UIInterfaceOrientationPortraitUpsideDown UIInterfaceOrientationLandscapeLeft UIInterfaceOrientationLandscapeRight";
				INFOPLIST_KEY_UISupportedInterfaceOrientations_iPhone = "UIInterfaceOrientationPortrait UIInterfaceOrientationLandscapeLeft UIInterfaceOrientationLandscapeRight";
				LD_RUNPATH_SEARCH_PATHS = (
					"$(inherited)",
					"@executable_path/Frameworks",
				);
				MARKETING_VERSION = 1.0;
				PRODUCT_BUNDLE_IDENTIFIER = kch.BMI;
				PRODUCT_NAME = "$(TARGET_NAME)";
				SWIFT_EMIT_LOC_STRINGS = YES;
				SWIFT_VERSION = 5.0;
				TARGETED_DEVICE_FAMILY = "1,2";
			};
			name = Debug;
		};
		4329962627466DFB00858D61 /* Release */ = {
			isa = XCBuildConfiguration;
			baseConfigurationReference = 6C648FC973E8354789679134 /* Pods-BMI.release.xcconfig */;
			buildSettings = {
				ASSETCATALOG_COMPILER_APPICON_NAME = AppIcon;
				ASSETCATALOG_COMPILER_GLOBAL_ACCENT_COLOR_NAME = AccentColor;
				CODE_SIGN_STYLE = Automatic;
				CURRENT_PROJECT_VERSION = 1;
				DEVELOPMENT_TEAM = 7ZW95Z6WF9;
				GENERATE_INFOPLIST_FILE = YES;
				INFOPLIST_FILE = BMI/Info.plist;
				INFOPLIST_KEY_UIApplicationSupportsIndirectInputEvents = YES;
				INFOPLIST_KEY_UILaunchStoryboardName = LaunchScreen;
				INFOPLIST_KEY_UIMainStoryboardFile = Main;
				INFOPLIST_KEY_UISupportedInterfaceOrientations_iPad = "UIInterfaceOrientationPortrait UIInterfaceOrientationPortraitUpsideDown UIInterfaceOrientationLandscapeLeft UIInterfaceOrientationLandscapeRight";
				INFOPLIST_KEY_UISupportedInterfaceOrientations_iPhone = "UIInterfaceOrientationPortrait UIInterfaceOrientationLandscapeLeft UIInterfaceOrientationLandscapeRight";
				LD_RUNPATH_SEARCH_PATHS = (
					"$(inherited)",
					"@executable_path/Frameworks",
				);
				MARKETING_VERSION = 1.0;
				PRODUCT_BUNDLE_IDENTIFIER = kch.BMI;
				PRODUCT_NAME = "$(TARGET_NAME)";
				SWIFT_EMIT_LOC_STRINGS = YES;
				SWIFT_VERSION = 5.0;
				TARGETED_DEVICE_FAMILY = "1,2";
			};
			name = Release;
		};
/* End XCBuildConfiguration section */

/* Begin XCConfigurationList section */
		4329960B27466DF800858D61 /* Build configuration list for PBXProject "BMI" */ = {
			isa = XCConfigurationList;
			buildConfigurations = (
				4329962227466DFB00858D61 /* Debug */,
				4329962327466DFB00858D61 /* Release */,
			);
			defaultConfigurationIsVisible = 0;
			defaultConfigurationName = Release;
		};
		4329962427466DFB00858D61 /* Build configuration list for PBXNativeTarget "BMI" */ = {
			isa = XCConfigurationList;
			buildConfigurations = (
				4329962527466DFB00858D61 /* Debug */,
				4329962627466DFB00858D61 /* Release */,
			);
			defaultConfigurationIsVisible = 0;
			defaultConfigurationName = Release;
		};
/* End XCConfigurationList section */
	};
	rootObject = 4329960827466DF800858D61 /* Project object */;
}
